// !$*UTF8*$!
{
	archiveVersion = 1;
	classes = {
	};
	objectVersion = 46;
	objects = {

/* Begin PBXBuildFile section */
		9BB4224A1A7DEFCD000E8995 /* hfs_unicode.c in Sources */ = {isa = PBXBuildFile; fileRef = 9BB421F91A7DEFCD000E8995 /* hfs_unicode.c */; };
		9BB4224B1A7DEFCD000E8995 /* btree.c in Sources */ = {isa = PBXBuildFile; fileRef = 9BB421FE1A7DEFCD000E8995 /* btree.c */; };
		9BB4224C1A7DEFCD000E8995 /* btree_endian.c in Sources */ = {isa = PBXBuildFile; fileRef = 9BB422001A7DEFCD000E8995 /* btree_endian.c */; };
		9BB4224D1A7DEFCD000E8995 /* catalog.c in Sources */ = {isa = PBXBuildFile; fileRef = 9BB422021A7DEFCD000E8995 /* catalog.c */; };
		9BB4224E1A7DEFCD000E8995 /* extents.c in Sources */ = {isa = PBXBuildFile; fileRef = 9BB422041A7DEFCD000E8995 /* extents.c */; };
		9BB4224F1A7DEFCD000E8995 /* hfs.c in Sources */ = {isa = PBXBuildFile; fileRef = 9BB422061A7DEFCD000E8995 /* hfs.c */; };
		9BB422501A7DEFCD000E8995 /* hfs_btree.c in Sources */ = {isa = PBXBuildFile; fileRef = 9BB422081A7DEFCD000E8995 /* hfs_btree.c */; };
		9BB422511A7DEFCD000E8995 /* hfs_endian.c in Sources */ = {isa = PBXBuildFile; fileRef = 9BB4220A1A7DEFCD000E8995 /* hfs_endian.c */; };
		9BB422521A7DEFCD000E8995 /* hfs_extentlist.c in Sources */ = {isa = PBXBuildFile; fileRef = 9BB4220C1A7DEFCD000E8995 /* hfs_extentlist.c */; };
		9BB422531A7DEFCD000E8995 /* hfs_io.c in Sources */ = {isa = PBXBuildFile; fileRef = 9BB4220E1A7DEFCD000E8995 /* hfs_io.c */; };
		9BB422541A7DEFCD000E8995 /* output_hfs.c in Sources */ = {isa = PBXBuildFile; fileRef = 9BB422111A7DEFCD000E8995 /* output_hfs.c */; };
		9BB422551A7DEFCD000E8995 /* cache.c in Sources */ = {isa = PBXBuildFile; fileRef = 9BB422151A7DEFCD000E8995 /* cache.c */; };
		9BB422561A7DEFCD000E8995 /* main.c in Sources */ = {isa = PBXBuildFile; fileRef = 9BB422181A7DEFCD000E8995 /* main.c */; };
		9BB422571A7DEFCD000E8995 /* cnid.c in Sources */ = {isa = PBXBuildFile; fileRef = 9BB4221A1A7DEFCD000E8995 /* cnid.c */; };
		9BB422581A7DEFCD000E8995 /* extract_file.c in Sources */ = {isa = PBXBuildFile; fileRef = 9BB4221B1A7DEFCD000E8995 /* extract_file.c */; };
		9BB422591A7DEFCD000E8995 /* free_space.c in Sources */ = {isa = PBXBuildFile; fileRef = 9BB4221C1A7DEFCD000E8995 /* free_space.c */; };
		9BB4225A1A7DEFCD000E8995 /* hfs_summary.c in Sources */ = {isa = PBXBuildFile; fileRef = 9BB4221D1A7DEFCD000E8995 /* hfs_summary.c */; };
		9BB4225B1A7DEFCD000E8995 /* operations.c in Sources */ = {isa = PBXBuildFile; fileRef = 9BB4221E1A7DEFCD000E8995 /* operations.c */; };
		9BB4225C1A7DEFCD000E8995 /* path_info.c in Sources */ = {isa = PBXBuildFile; fileRef = 9BB422201A7DEFCD000E8995 /* path_info.c */; };
		9BB4225D1A7DEFCD000E8995 /* output.c in Sources */ = {isa = PBXBuildFile; fileRef = 9BB422211A7DEFCD000E8995 /* output.c */; };
		9BB4225E1A7DEFCD000E8995 /* range.c in Sources */ = {isa = PBXBuildFile; fileRef = 9BB422231A7DEFCD000E8995 /* range.c */; };
		9BB4225F1A7DEFCD000E8995 /* stringtools.c in Sources */ = {isa = PBXBuildFile; fileRef = 9BB422251A7DEFCD000E8995 /* stringtools.c */; };
		9BB422601A7DEFCD000E8995 /* utilities.c in Sources */ = {isa = PBXBuildFile; fileRef = 9BB422281A7DEFCD000E8995 /* utilities.c */; };
		9BB422611A7DEFCD000E8995 /* attributes.c in Sources */ = {isa = PBXBuildFile; fileRef = 9BB4222B1A7DEFCD000E8995 /* attributes.c */; };
		9BB422621A7DEFCD000E8995 /* hotfiles.c in Sources */ = {isa = PBXBuildFile; fileRef = 9BB4222D1A7DEFCD000E8995 /* hotfiles.c */; };
		9BB422631A7DEFCD000E8995 /* journal.c in Sources */ = {isa = PBXBuildFile; fileRef = 9BB4222F1A7DEFCD000E8995 /* journal.c */; };
		9BB422641A7DEFCD000E8995 /* debug.c in Sources */ = {isa = PBXBuildFile; fileRef = 9BB422321A7DEFCD000E8995 /* debug.c */; };
		9BB422651A7DEFCD000E8995 /* logging.c in Sources */ = {isa = PBXBuildFile; fileRef = 9BB422341A7DEFCD000E8995 /* logging.c */; };
		9BB422661A7DEFCD000E8995 /* nullstream.c in Sources */ = {isa = PBXBuildFile; fileRef = 9BB422361A7DEFCD000E8995 /* nullstream.c */; };
		9BB422671A7DEFCD000E8995 /* prefixstream.c in Sources */ = {isa = PBXBuildFile; fileRef = 9BB422381A7DEFCD000E8995 /* prefixstream.c */; };
		9BB422681A7DEFCD000E8995 /* apm.c in Sources */ = {isa = PBXBuildFile; fileRef = 9BB4223B1A7DEFCD000E8995 /* apm.c */; };
		9BB422691A7DEFCD000E8995 /* corestorage.c in Sources */ = {isa = PBXBuildFile; fileRef = 9BB4223D1A7DEFCD000E8995 /* corestorage.c */; };
		9BB4226A1A7DEFCD000E8995 /* crc32.c in Sources */ = {isa = PBXBuildFile; fileRef = 9BB422401A7DEFCD000E8995 /* crc32.c */; };
		9BB4226B1A7DEFCD000E8995 /* gpt.c in Sources */ = {isa = PBXBuildFile; fileRef = 9BB422421A7DEFCD000E8995 /* gpt.c */; };
		9BB4226C1A7DEFCD000E8995 /* mbr.c in Sources */ = {isa = PBXBuildFile; fileRef = 9BB422441A7DEFCD000E8995 /* mbr.c */; };
		9BB4226D1A7DEFCD000E8995 /* volume.c in Sources */ = {isa = PBXBuildFile; fileRef = 9BB422461A7DEFCD000E8995 /* volume.c */; };
		9BB4226E1A7DEFCD000E8995 /* volumes.c in Sources */ = {isa = PBXBuildFile; fileRef = 9BB422481A7DEFCD000E8995 /* volumes.c */; };
		9BB4227B1A7DEFED000E8995 /* crc32c.c in Sources */ = {isa = PBXBuildFile; fileRef = 9BB422701A7DEFED000E8995 /* crc32c.c */; };
		9BB4227C1A7DEFED000E8995 /* crc32c_tables.c in Sources */ = {isa = PBXBuildFile; fileRef = 9BB422721A7DEFED000E8995 /* crc32c_tables.c */; };
		9BB4227D1A7DEFED000E8995 /* memdmp.c in Sources */ = {isa = PBXBuildFile; fileRef = 9BB422771A7DEFED000E8995 /* memdmp.c */; };
		9BB4227E1A7DEFED000E8995 /* output.c in Sources */ = {isa = PBXBuildFile; fileRef = 9BB422791A7DEFED000E8995 /* output.c */; };
		9BF00F811A7E950F000E8995 /* unicode.c in Sources */ = {isa = PBXBuildFile; fileRef = 9BF00F7F1A7E950F000E8995 /* unicode.c */; };
/* End PBXBuildFile section */

/* Begin PBXCopyFilesBuildPhase section */
		9BBA85011735AFD400273AE9 /* CopyFiles */ = {
			isa = PBXCopyFilesBuildPhase;
			buildActionMask = 2147483647;
			dstPath = /usr/local/share/man/man1;
			dstSubfolderSpec = 0;
			files = (
			);
			runOnlyForDeploymentPostprocessing = 1;
		};
/* End PBXCopyFilesBuildPhase section */

/* Begin PBXFileReference section */
		9B711846184D62A8008B9DB2 /* Makefile.Darwin */ = {isa = PBXFileReference; lastKnownFileType = text; path = Makefile.Darwin; sourceTree = "<group>"; };
		9B711847184D62A8008B9DB2 /* Makefile.Linux */ = {isa = PBXFileReference; lastKnownFileType = text; path = Makefile.Linux; sourceTree = "<group>"; };
		9B9F2001184B27AC005D7271 /* Makefile */ = {isa = PBXFileReference; lastKnownFileType = sourcecode.make; path = Makefile; sourceTree = SOURCE_ROOT; };
		9BAC71F1182D48F80001A1A3 /* README.md */ = {isa = PBXFileReference; lastKnownFileType = text; path = README.md; sourceTree = SOURCE_ROOT; };
		9BB421F61A7DEFCD000E8995 /* APPLE_LICENSE */ = {isa = PBXFileReference; fileEncoding = 4; lastKnownFileType = text; path = APPLE_LICENSE; sourceTree = "<group>"; };
		9BB421F71A7DEFCD000E8995 /* hfs_format.h */ = {isa = PBXFileReference; fileEncoding = 4; lastKnownFileType = sourcecode.c.h; path = hfs_format.h; sourceTree = "<group>"; };
		9BB421F81A7DEFCD000E8995 /* hfs_macos_defs.h */ = {isa = PBXFileReference; fileEncoding = 4; lastKnownFileType = sourcecode.c.h; path = hfs_macos_defs.h; sourceTree = "<group>"; };
		9BB421F91A7DEFCD000E8995 /* hfs_unicode.c */ = {isa = PBXFileReference; fileEncoding = 4; lastKnownFileType = sourcecode.c.c; path = hfs_unicode.c; sourceTree = "<group>"; };
		9BB421FA1A7DEFCD000E8995 /* hfs_unicode.h */ = {isa = PBXFileReference; fileEncoding = 4; lastKnownFileType = sourcecode.c.h; path = hfs_unicode.h; sourceTree = "<group>"; };
		9BB421FB1A7DEFCD000E8995 /* hfs_unistr.h */ = {isa = PBXFileReference; fileEncoding = 4; lastKnownFileType = sourcecode.c.h; path = hfs_unistr.h; sourceTree = "<group>"; };
		9BB421FC1A7DEFCD000E8995 /* vfs_journal.h */ = {isa = PBXFileReference; fileEncoding = 4; lastKnownFileType = sourcecode.c.h; path = vfs_journal.h; sourceTree = "<group>"; };
		9BB421FE1A7DEFCD000E8995 /* btree.c */ = {isa = PBXFileReference; fileEncoding = 4; lastKnownFileType = sourcecode.c.c; lineEnding = 0; path = btree.c; sourceTree = "<group>"; xcLanguageSpecificationIdentifier = xcode.lang.c; };
		9BB421FF1A7DEFCD000E8995 /* btree.h */ = {isa = PBXFileReference; fileEncoding = 4; lastKnownFileType = sourcecode.c.h; lineEnding = 0; path = btree.h; sourceTree = "<group>"; xcLanguageSpecificationIdentifier = xcode.lang.objcpp; };
		9BB422001A7DEFCD000E8995 /* btree_endian.c */ = {isa = PBXFileReference; fileEncoding = 4; lastKnownFileType = sourcecode.c.c; lineEnding = 0; path = btree_endian.c; sourceTree = "<group>"; xcLanguageSpecificationIdentifier = xcode.lang.c; };
		9BB422011A7DEFCD000E8995 /* btree_endian.h */ = {isa = PBXFileReference; fileEncoding = 4; lastKnownFileType = sourcecode.c.h; lineEnding = 0; path = btree_endian.h; sourceTree = "<group>"; xcLanguageSpecificationIdentifier = xcode.lang.objcpp; };
		9BB422021A7DEFCD000E8995 /* catalog.c */ = {isa = PBXFileReference; fileEncoding = 4; lastKnownFileType = sourcecode.c.c; lineEnding = 0; path = catalog.c; sourceTree = "<group>"; xcLanguageSpecificationIdentifier = xcode.lang.c; };
		9BB422031A7DEFCD000E8995 /* catalog.h */ = {isa = PBXFileReference; fileEncoding = 4; lastKnownFileType = sourcecode.c.h; path = catalog.h; sourceTree = "<group>"; };
		9BB422041A7DEFCD000E8995 /* extents.c */ = {isa = PBXFileReference; fileEncoding = 4; lastKnownFileType = sourcecode.c.c; lineEnding = 0; path = extents.c; sourceTree = "<group>"; xcLanguageSpecificationIdentifier = xcode.lang.c; };
		9BB422051A7DEFCD000E8995 /* extents.h */ = {isa = PBXFileReference; fileEncoding = 4; lastKnownFileType = sourcecode.c.h; path = extents.h; sourceTree = "<group>"; };
		9BB422061A7DEFCD000E8995 /* hfs.c */ = {isa = PBXFileReference; fileEncoding = 4; lastKnownFileType = sourcecode.c.c; path = hfs.c; sourceTree = "<group>"; };
		9BB422071A7DEFCD000E8995 /* hfs.h */ = {isa = PBXFileReference; fileEncoding = 4; lastKnownFileType = sourcecode.c.h; lineEnding = 0; path = hfs.h; sourceTree = "<group>"; xcLanguageSpecificationIdentifier = xcode.lang.objcpp; };
		9BB422081A7DEFCD000E8995 /* hfs_btree.c */ = {isa = PBXFileReference; fileEncoding = 4; lastKnownFileType = sourcecode.c.c; path = hfs_btree.c; sourceTree = "<group>"; };
		9BB422091A7DEFCD000E8995 /* hfs_btree.h */ = {isa = PBXFileReference; fileEncoding = 4; lastKnownFileType = sourcecode.c.h; path = hfs_btree.h; sourceTree = "<group>"; };
		9BB4220A1A7DEFCD000E8995 /* hfs_endian.c */ = {isa = PBXFileReference; fileEncoding = 4; lastKnownFileType = sourcecode.c.c; lineEnding = 0; path = hfs_endian.c; sourceTree = "<group>"; xcLanguageSpecificationIdentifier = xcode.lang.c; };
		9BB4220B1A7DEFCD000E8995 /* hfs_endian.h */ = {isa = PBXFileReference; fileEncoding = 4; lastKnownFileType = sourcecode.c.h; lineEnding = 0; path = hfs_endian.h; sourceTree = "<group>"; xcLanguageSpecificationIdentifier = xcode.lang.objcpp; };
		9BB4220C1A7DEFCD000E8995 /* hfs_extentlist.c */ = {isa = PBXFileReference; fileEncoding = 4; lastKnownFileType = sourcecode.c.c; path = hfs_extentlist.c; sourceTree = "<group>"; };
		9BB4220D1A7DEFCD000E8995 /* hfs_extentlist.h */ = {isa = PBXFileReference; fileEncoding = 4; lastKnownFileType = sourcecode.c.h; path = hfs_extentlist.h; sourceTree = "<group>"; };
		9BB4220E1A7DEFCD000E8995 /* hfs_io.c */ = {isa = PBXFileReference; fileEncoding = 4; lastKnownFileType = sourcecode.c.c; path = hfs_io.c; sourceTree = "<group>"; };
		9BB4220F1A7DEFCD000E8995 /* hfs_io.h */ = {isa = PBXFileReference; fileEncoding = 4; lastKnownFileType = sourcecode.c.h; path = hfs_io.h; sourceTree = "<group>"; };
		9BB422111A7DEFCD000E8995 /* output_hfs.c */ = {isa = PBXFileReference; fileEncoding = 4; lastKnownFileType = sourcecode.c.c; path = output_hfs.c; sourceTree = "<group>"; };
		9BB422121A7DEFCD000E8995 /* output_hfs.h */ = {isa = PBXFileReference; fileEncoding = 4; lastKnownFileType = sourcecode.c.h; path = output_hfs.h; sourceTree = "<group>"; };
		9BB422151A7DEFCD000E8995 /* cache.c */ = {isa = PBXFileReference; fileEncoding = 4; lastKnownFileType = sourcecode.c.c; lineEnding = 0; path = cache.c; sourceTree = "<group>"; xcLanguageSpecificationIdentifier = xcode.lang.c; };
		9BB422161A7DEFCD000E8995 /* cache.h */ = {isa = PBXFileReference; fileEncoding = 4; lastKnownFileType = sourcecode.c.h; path = cache.h; sourceTree = "<group>"; };
		9BB422171A7DEFCD000E8995 /* cdefs.h */ = {isa = PBXFileReference; fileEncoding = 4; lastKnownFileType = sourcecode.c.h; path = cdefs.h; sourceTree = "<group>"; };
		9BB422181A7DEFCD000E8995 /* main.c */ = {isa = PBXFileReference; fileEncoding = 4; lastKnownFileType = sourcecode.c.c; path = main.c; sourceTree = "<group>"; };
		9BB4221A1A7DEFCD000E8995 /* cnid.c */ = {isa = PBXFileReference; fileEncoding = 4; lastKnownFileType = sourcecode.c.c; path = cnid.c; sourceTree = "<group>"; };
		9BB4221B1A7DEFCD000E8995 /* extract_file.c */ = {isa = PBXFileReference; fileEncoding = 4; lastKnownFileType = sourcecode.c.c; path = extract_file.c; sourceTree = "<group>"; };
		9BB4221C1A7DEFCD000E8995 /* free_space.c */ = {isa = PBXFileReference; fileEncoding = 4; lastKnownFileType = sourcecode.c.c; path = free_space.c; sourceTree = "<group>"; };
		9BB4221D1A7DEFCD000E8995 /* hfs_summary.c */ = {isa = PBXFileReference; fileEncoding = 4; lastKnownFileType = sourcecode.c.c; path = hfs_summary.c; sourceTree = "<group>"; };
		9BB4221E1A7DEFCD000E8995 /* operations.c */ = {isa = PBXFileReference; fileEncoding = 4; lastKnownFileType = sourcecode.c.c; path = operations.c; sourceTree = "<group>"; };
		9BB4221F1A7DEFCD000E8995 /* operations.h */ = {isa = PBXFileReference; fileEncoding = 4; lastKnownFileType = sourcecode.c.h; path = operations.h; sourceTree = "<group>"; };
		9BB422201A7DEFCD000E8995 /* path_info.c */ = {isa = PBXFileReference; fileEncoding = 4; lastKnownFileType = sourcecode.c.c; path = path_info.c; sourceTree = "<group>"; };
		9BB422211A7DEFCD000E8995 /* output.c */ = {isa = PBXFileReference; fileEncoding = 4; lastKnownFileType = sourcecode.c.c; path = output.c; sourceTree = "<group>"; };
		9BB422221A7DEFCD000E8995 /* output.h */ = {isa = PBXFileReference; fileEncoding = 4; lastKnownFileType = sourcecode.c.h; path = output.h; sourceTree = "<group>"; };
		9BB422231A7DEFCD000E8995 /* range.c */ = {isa = PBXFileReference; fileEncoding = 4; lastKnownFileType = sourcecode.c.c; path = range.c; sourceTree = "<group>"; };
		9BB422241A7DEFCD000E8995 /* range.h */ = {isa = PBXFileReference; fileEncoding = 4; lastKnownFileType = sourcecode.c.h; path = range.h; sourceTree = "<group>"; };
		9BB422251A7DEFCD000E8995 /* stringtools.c */ = {isa = PBXFileReference; fileEncoding = 4; lastKnownFileType = sourcecode.c.c; path = stringtools.c; sourceTree = "<group>"; };
		9BB422261A7DEFCD000E8995 /* stringtools.h */ = {isa = PBXFileReference; fileEncoding = 4; lastKnownFileType = sourcecode.c.h; path = stringtools.h; sourceTree = "<group>"; };
		9BB422271A7DEFCD000E8995 /* types.h */ = {isa = PBXFileReference; fileEncoding = 4; lastKnownFileType = sourcecode.c.h; path = types.h; sourceTree = "<group>"; };
		9BB422281A7DEFCD000E8995 /* utilities.c */ = {isa = PBXFileReference; fileEncoding = 4; lastKnownFileType = sourcecode.c.c; path = utilities.c; sourceTree = "<group>"; };
		9BB422291A7DEFCD000E8995 /* utilities.h */ = {isa = PBXFileReference; fileEncoding = 4; lastKnownFileType = sourcecode.c.h; path = utilities.h; sourceTree = "<group>"; };
		9BB4222B1A7DEFCD000E8995 /* attributes.c */ = {isa = PBXFileReference; fileEncoding = 4; lastKnownFileType = sourcecode.c.c; lineEnding = 0; path = attributes.c; sourceTree = "<group>"; xcLanguageSpecificationIdentifier = xcode.lang.c; };
		9BB4222C1A7DEFCD000E8995 /* attributes.h */ = {isa = PBXFileReference; fileEncoding = 4; lastKnownFileType = sourcecode.c.h; path = attributes.h; sourceTree = "<group>"; };
		9BB4222D1A7DEFCD000E8995 /* hotfiles.c */ = {isa = PBXFileReference; fileEncoding = 4; lastKnownFileType = sourcecode.c.c; path = hotfiles.c; sourceTree = "<group>"; };
		9BB4222E1A7DEFCD000E8995 /* hotfiles.h */ = {isa = PBXFileReference; fileEncoding = 4; lastKnownFileType = sourcecode.c.h; path = hotfiles.h; sourceTree = "<group>"; };
		9BB4222F1A7DEFCD000E8995 /* journal.c */ = {isa = PBXFileReference; fileEncoding = 4; lastKnownFileType = sourcecode.c.c; path = journal.c; sourceTree = "<group>"; };
		9BB422301A7DEFCD000E8995 /* journal.h */ = {isa = PBXFileReference; fileEncoding = 4; lastKnownFileType = sourcecode.c.h; path = journal.h; sourceTree = "<group>"; };
		9BB422321A7DEFCD000E8995 /* debug.c */ = {isa = PBXFileReference; fileEncoding = 4; lastKnownFileType = sourcecode.c.c; lineEnding = 0; path = debug.c; sourceTree = "<group>"; xcLanguageSpecificationIdentifier = xcode.lang.c; };
		9BB422331A7DEFCD000E8995 /* debug.h */ = {isa = PBXFileReference; fileEncoding = 4; lastKnownFileType = sourcecode.c.h; path = debug.h; sourceTree = "<group>"; };
		9BB422341A7DEFCD000E8995 /* logging.c */ = {isa = PBXFileReference; fileEncoding = 4; lastKnownFileType = sourcecode.c.c; path = logging.c; sourceTree = "<group>"; };
		9BB422351A7DEFCD000E8995 /* logging.h */ = {isa = PBXFileReference; fileEncoding = 4; lastKnownFileType = sourcecode.c.h; path = logging.h; sourceTree = "<group>"; };
		9BB422361A7DEFCD000E8995 /* nullstream.c */ = {isa = PBXFileReference; fileEncoding = 4; lastKnownFileType = sourcecode.c.c; path = nullstream.c; sourceTree = "<group>"; };
		9BB422371A7DEFCD000E8995 /* nullstream.h */ = {isa = PBXFileReference; fileEncoding = 4; lastKnownFileType = sourcecode.c.h; path = nullstream.h; sourceTree = "<group>"; };
		9BB422381A7DEFCD000E8995 /* prefixstream.c */ = {isa = PBXFileReference; fileEncoding = 4; lastKnownFileType = sourcecode.c.c; lineEnding = 0; path = prefixstream.c; sourceTree = "<group>"; xcLanguageSpecificationIdentifier = xcode.lang.c; };
		9BB422391A7DEFCD000E8995 /* prefixstream.h */ = {isa = PBXFileReference; fileEncoding = 4; lastKnownFileType = sourcecode.c.h; path = prefixstream.h; sourceTree = "<group>"; };
		9BB4223B1A7DEFCD000E8995 /* apm.c */ = {isa = PBXFileReference; fileEncoding = 4; lastKnownFileType = sourcecode.c.c; lineEnding = 0; path = apm.c; sourceTree = "<group>"; xcLanguageSpecificationIdentifier = xcode.lang.c; };
		9BB4223C1A7DEFCD000E8995 /* apm.h */ = {isa = PBXFileReference; fileEncoding = 4; lastKnownFileType = sourcecode.c.h; path = apm.h; sourceTree = "<group>"; };
		9BB4223D1A7DEFCD000E8995 /* corestorage.c */ = {isa = PBXFileReference; fileEncoding = 4; lastKnownFileType = sourcecode.c.c; lineEnding = 0; path = corestorage.c; sourceTree = "<group>"; xcLanguageSpecificationIdentifier = xcode.lang.c; };
		9BB4223E1A7DEFCD000E8995 /* corestorage.h */ = {isa = PBXFileReference; fileEncoding = 4; lastKnownFileType = sourcecode.c.h; path = corestorage.h; sourceTree = "<group>"; };
		9BB422401A7DEFCD000E8995 /* crc32.c */ = {isa = PBXFileReference; fileEncoding = 4; lastKnownFileType = sourcecode.c.c; path = crc32.c; sourceTree = "<group>"; };
		9BB422411A7DEFCD000E8995 /* crc32.h */ = {isa = PBXFileReference; fileEncoding = 4; lastKnownFileType = sourcecode.c.h; path = crc32.h; sourceTree = "<group>"; };
		9BB422421A7DEFCD000E8995 /* gpt.c */ = {isa = PBXFileReference; fileEncoding = 4; lastKnownFileType = sourcecode.c.c; lineEnding = 0; path = gpt.c; sourceTree = "<group>"; xcLanguageSpecificationIdentifier = xcode.lang.c; };
		9BB422431A7DEFCD000E8995 /* gpt.h */ = {isa = PBXFileReference; fileEncoding = 4; lastKnownFileType = sourcecode.c.h; path = gpt.h; sourceTree = "<group>"; };
		9BB422441A7DEFCD000E8995 /* mbr.c */ = {isa = PBXFileReference; fileEncoding = 4; lastKnownFileType = sourcecode.c.c; lineEnding = 0; path = mbr.c; sourceTree = "<group>"; xcLanguageSpecificationIdentifier = xcode.lang.c; };
		9BB422451A7DEFCD000E8995 /* mbr.h */ = {isa = PBXFileReference; fileEncoding = 4; lastKnownFileType = sourcecode.c.h; path = mbr.h; sourceTree = "<group>"; };
		9BB422461A7DEFCD000E8995 /* volume.c */ = {isa = PBXFileReference; fileEncoding = 4; lastKnownFileType = sourcecode.c.c; lineEnding = 0; path = volume.c; sourceTree = "<group>"; xcLanguageSpecificationIdentifier = xcode.lang.c; };
		9BB422471A7DEFCD000E8995 /* volume.h */ = {isa = PBXFileReference; fileEncoding = 4; lastKnownFileType = sourcecode.c.h; path = volume.h; sourceTree = "<group>"; };
		9BB422481A7DEFCD000E8995 /* volumes.c */ = {isa = PBXFileReference; fileEncoding = 4; lastKnownFileType = sourcecode.c.c; path = volumes.c; sourceTree = "<group>"; };
		9BB422491A7DEFCD000E8995 /* volumes.h */ = {isa = PBXFileReference; fileEncoding = 4; lastKnownFileType = sourcecode.c.h; path = volumes.h; sourceTree = "<group>"; };
		9BB422701A7DEFED000E8995 /* crc32c.c */ = {isa = PBXFileReference; fileEncoding = 4; lastKnownFileType = sourcecode.c.c; path = crc32c.c; sourceTree = "<group>"; };
		9BB422711A7DEFED000E8995 /* crc32c.h */ = {isa = PBXFileReference; fileEncoding = 4; lastKnownFileType = sourcecode.c.h; path = crc32c.h; sourceTree = "<group>"; };
		9BB422721A7DEFED000E8995 /* crc32c_tables.c */ = {isa = PBXFileReference; fileEncoding = 4; lastKnownFileType = sourcecode.c.c; path = crc32c_tables.c; sourceTree = "<group>"; };
		9BB422731A7DEFED000E8995 /* crc32c_tables.h */ = {isa = PBXFileReference; fileEncoding = 4; lastKnownFileType = sourcecode.c.h; path = crc32c_tables.h; sourceTree = "<group>"; };
		9BB422771A7DEFED000E8995 /* memdmp.c */ = {isa = PBXFileReference; fileEncoding = 4; lastKnownFileType = sourcecode.c.c; path = memdmp.c; sourceTree = "<group>"; };
		9BB422781A7DEFED000E8995 /* memdmp.h */ = {isa = PBXFileReference; fileEncoding = 4; lastKnownFileType = sourcecode.c.h; path = memdmp.h; sourceTree = "<group>"; };
		9BB422791A7DEFED000E8995 /* output.c */ = {isa = PBXFileReference; fileEncoding = 4; lastKnownFileType = sourcecode.c.c; path = output.c; sourceTree = "<group>"; };
		9BB4227A1A7DEFED000E8995 /* output.h */ = {isa = PBXFileReference; fileEncoding = 4; lastKnownFileType = sourcecode.c.h; path = output.h; sourceTree = "<group>"; };
		9BB4227F1A7DF3F8000E8995 /* hfsplus.h */ = {isa = PBXFileReference; lastKnownFileType = sourcecode.c.h; path = hfsplus.h; sourceTree = "<group>"; };
		9BBA85031735AFD400273AE9 /* hfsinspect */ = {isa = PBXFileReference; explicitFileType = "compiled.mach-o.executable"; includeInIndex = 0; path = hfsinspect; sourceTree = BUILT_PRODUCTS_DIR; };
		9BF00F7E1A7E950F000E8995 /* types.h */ = {isa = PBXFileReference; fileEncoding = 4; lastKnownFileType = sourcecode.c.h; path = types.h; sourceTree = "<group>"; };
		9BF00F7F1A7E950F000E8995 /* unicode.c */ = {isa = PBXFileReference; fileEncoding = 4; lastKnownFileType = sourcecode.c.c; path = unicode.c; sourceTree = "<group>"; };
		9BF00F801A7E950F000E8995 /* unicode.h */ = {isa = PBXFileReference; fileEncoding = 4; lastKnownFileType = sourcecode.c.h; path = unicode.h; sourceTree = "<group>"; };
		9BF00F821A7E9520000E8995 /* cdefs.h */ = {isa = PBXFileReference; lastKnownFileType = sourcecode.c.h; path = cdefs.h; sourceTree = "<group>"; };
		9BF00F831A7E9546000E8995 /* _endian.h */ = {isa = PBXFileReference; lastKnownFileType = sourcecode.c.h; path = _endian.h; sourceTree = "<group>"; };
/* End PBXFileReference section */

/* Begin PBXFrameworksBuildPhase section */
		9BBA85001735AFD400273AE9 /* Frameworks */ = {
			isa = PBXFrameworksBuildPhase;
			buildActionMask = 2147483647;
			files = (
			);
			runOnlyForDeploymentPostprocessing = 0;
		};
/* End PBXFrameworksBuildPhase section */

/* Begin PBXGroup section */
		9BB421F41A7DEFCD000E8995 /* hfs */ = {
			isa = PBXGroup;
			children = (
				9BB421F51A7DEFCD000E8995 /* Apple */,
				9BB421FD1A7DEFCD000E8995 /* btree */,
				9BF00F7E1A7E950F000E8995 /* types.h */,
				9BF00F7F1A7E950F000E8995 /* unicode.c */,
				9BF00F801A7E950F000E8995 /* unicode.h */,
				9BB422071A7DEFCD000E8995 /* hfs.h */,
				9BB422061A7DEFCD000E8995 /* hfs.c */,
				9BB422031A7DEFCD000E8995 /* catalog.h */,
				9BB422021A7DEFCD000E8995 /* catalog.c */,
				9BB422051A7DEFCD000E8995 /* extents.h */,
				9BB422041A7DEFCD000E8995 /* extents.c */,
				9BB422091A7DEFCD000E8995 /* hfs_btree.h */,
				9BB422081A7DEFCD000E8995 /* hfs_btree.c */,
				9BB4220B1A7DEFCD000E8995 /* hfs_endian.h */,
				9BB4220A1A7DEFCD000E8995 /* hfs_endian.c */,
				9BB4220D1A7DEFCD000E8995 /* hfs_extentlist.h */,
				9BB4220C1A7DEFCD000E8995 /* hfs_extentlist.c */,
				9BB4220F1A7DEFCD000E8995 /* hfs_io.h */,
				9BB4220E1A7DEFCD000E8995 /* hfs_io.c */,
				9BB422121A7DEFCD000E8995 /* output_hfs.h */,
				9BB422111A7DEFCD000E8995 /* output_hfs.c */,
			);
			name = hfs;
			path = src/hfs;
			sourceTree = "<group>";
		};
		9BB421F51A7DEFCD000E8995 /* Apple */ = {
			isa = PBXGroup;
			children = (
				9BB421F61A7DEFCD000E8995 /* APPLE_LICENSE */,
				9BB421F71A7DEFCD000E8995 /* hfs_format.h */,
				9BB421F81A7DEFCD000E8995 /* hfs_macos_defs.h */,
				9BB421FA1A7DEFCD000E8995 /* hfs_unicode.h */,
				9BB421F91A7DEFCD000E8995 /* hfs_unicode.c */,
				9BB421FB1A7DEFCD000E8995 /* hfs_unistr.h */,
				9BB421FC1A7DEFCD000E8995 /* vfs_journal.h */,
			);
			path = Apple;
			sourceTree = "<group>";
		};
		9BB421FD1A7DEFCD000E8995 /* btree */ = {
			isa = PBXGroup;
			children = (
				9BB422011A7DEFCD000E8995 /* btree_endian.h */,
				9BB422001A7DEFCD000E8995 /* btree_endian.c */,
				9BB421FF1A7DEFCD000E8995 /* btree.h */,
				9BB421FE1A7DEFCD000E8995 /* btree.c */,
			);
			path = btree;
			sourceTree = "<group>";
		};
		9BB422131A7DEFCD000E8995 /* hfsinspect */ = {
			isa = PBXGroup;
			children = (
				9BF00F821A7E9520000E8995 /* cdefs.h */,
				9BB422181A7DEFCD000E8995 /* main.c */,
				9BB422191A7DEFCD000E8995 /* operations */,
				9BB422171A7DEFCD000E8995 /* cdefs.h */,
				9BB422271A7DEFCD000E8995 /* types.h */,
				9BB422161A7DEFCD000E8995 /* cache.h */,
				9BB422151A7DEFCD000E8995 /* cache.c */,
				9BB422221A7DEFCD000E8995 /* output.h */,
				9BB422211A7DEFCD000E8995 /* output.c */,
				9BB422241A7DEFCD000E8995 /* range.h */,
				9BB422231A7DEFCD000E8995 /* range.c */,
				9BB422261A7DEFCD000E8995 /* stringtools.h */,
				9BB422251A7DEFCD000E8995 /* stringtools.c */,
				9BB422291A7DEFCD000E8995 /* utilities.h */,
				9BB422281A7DEFCD000E8995 /* utilities.c */,
			);
			name = hfsinspect;
			path = src/hfsinspect;
			sourceTree = "<group>";
		};
		9BB422191A7DEFCD000E8995 /* operations */ = {
			isa = PBXGroup;
			children = (
				9BB4221A1A7DEFCD000E8995 /* cnid.c */,
				9BB4221B1A7DEFCD000E8995 /* extract_file.c */,
				9BB4221C1A7DEFCD000E8995 /* free_space.c */,
				9BB4221D1A7DEFCD000E8995 /* hfs_summary.c */,
				9BB4221E1A7DEFCD000E8995 /* operations.c */,
				9BB4221F1A7DEFCD000E8995 /* operations.h */,
				9BB422201A7DEFCD000E8995 /* path_info.c */,
			);
			path = operations;
			sourceTree = "<group>";
		};
		9BB4222A1A7DEFCD000E8995 /* hfsplus */ = {
			isa = PBXGroup;
			children = (
				9BB4227F1A7DF3F8000E8995 /* hfsplus.h */,
				9BB4222C1A7DEFCD000E8995 /* attributes.h */,
				9BB4222B1A7DEFCD000E8995 /* attributes.c */,
				9BB4222E1A7DEFCD000E8995 /* hotfiles.h */,
				9BB4222D1A7DEFCD000E8995 /* hotfiles.c */,
				9BB422301A7DEFCD000E8995 /* journal.h */,
				9BB4222F1A7DEFCD000E8995 /* journal.c */,
			);
			name = hfsplus;
			path = src/hfsplus;
			sourceTree = "<group>";
		};
		9BB422311A7DEFCD000E8995 /* logging */ = {
			isa = PBXGroup;
			children = (
				9BB422331A7DEFCD000E8995 /* debug.h */,
				9BB422321A7DEFCD000E8995 /* debug.c */,
				9BB422351A7DEFCD000E8995 /* logging.h */,
				9BB422341A7DEFCD000E8995 /* logging.c */,
				9BB422371A7DEFCD000E8995 /* nullstream.h */,
				9BB422361A7DEFCD000E8995 /* nullstream.c */,
				9BB422391A7DEFCD000E8995 /* prefixstream.h */,
				9BB422381A7DEFCD000E8995 /* prefixstream.c */,
			);
			name = logging;
			path = src/logging;
			sourceTree = "<group>";
		};
		9BB4223A1A7DEFCD000E8995 /* volumes */ = {
			isa = PBXGroup;
			children = (
				9BB4223F1A7DEFCD000E8995 /* crc32 */,
				9BB4226F1A7DEFED000E8995 /* crc32c */,
				9BF00F831A7E9546000E8995 /* _endian.h */,
				9BB422491A7DEFCD000E8995 /* volumes.h */,
				9BB422481A7DEFCD000E8995 /* volumes.c */,
				9BB422471A7DEFCD000E8995 /* volume.h */,
				9BB422461A7DEFCD000E8995 /* volume.c */,
				9BB4223C1A7DEFCD000E8995 /* apm.h */,
				9BB4223B1A7DEFCD000E8995 /* apm.c */,
				9BB4223E1A7DEFCD000E8995 /* corestorage.h */,
				9BB4223D1A7DEFCD000E8995 /* corestorage.c */,
				9BB422431A7DEFCD000E8995 /* gpt.h */,
				9BB422421A7DEFCD000E8995 /* gpt.c */,
				9BB422451A7DEFCD000E8995 /* mbr.h */,
				9BB422441A7DEFCD000E8995 /* mbr.c */,
			);
			name = volumes;
			path = src/volumes;
			sourceTree = "<group>";
		};
		9BB4223F1A7DEFCD000E8995 /* crc32 */ = {
			isa = PBXGroup;
			children = (
				9BB422411A7DEFCD000E8995 /* crc32.h */,
				9BB422401A7DEFCD000E8995 /* crc32.c */,
			);
			path = crc32;
			sourceTree = "<group>";
		};
		9BB4226F1A7DEFED000E8995 /* crc32c */ = {
			isa = PBXGroup;
			children = (
				9BB422701A7DEFED000E8995 /* crc32c.c */,
				9BB422711A7DEFED000E8995 /* crc32c.h */,
				9BB422721A7DEFED000E8995 /* crc32c_tables.c */,
				9BB422731A7DEFED000E8995 /* crc32c_tables.h */,
			);
			name = crc32c;
			path = "../vendor/crc-32c/crc32c";
			sourceTree = "<group>";
		};
		9BB422741A7DEFED000E8995 /* memdmp */ = {
			isa = PBXGroup;
			children = (
				9BB422781A7DEFED000E8995 /* memdmp.h */,
				9BB422771A7DEFED000E8995 /* memdmp.c */,
				9BB4227A1A7DEFED000E8995 /* output.h */,
				9BB422791A7DEFED000E8995 /* output.c */,
			);
			name = memdmp;
			path = src/vendor/memdmp;
			sourceTree = "<group>";
		};
		9BBA84FA1735AFD400273AE9 = {
			isa = PBXGroup;
			children = (
				9BAC71F1182D48F80001A1A3 /* README.md */,
				9B9F2001184B27AC005D7271 /* Makefile */,
				9B711846184D62A8008B9DB2 /* Makefile.Darwin */,
				9B711847184D62A8008B9DB2 /* Makefile.Linux */,
				9BB422131A7DEFCD000E8995 /* hfsinspect */,
				9BB421F41A7DEFCD000E8995 /* hfs */,
				9BB4222A1A7DEFCD000E8995 /* hfsplus */,
				9BB422311A7DEFCD000E8995 /* logging */,
				9BB4223A1A7DEFCD000E8995 /* volumes */,
				9BB422741A7DEFED000E8995 /* memdmp */,
				9BBA85041735AFD400273AE9 /* Products */,
			);
			sourceTree = "<group>";
		};
		9BBA85041735AFD400273AE9 /* Products */ = {
			isa = PBXGroup;
			children = (
				9BBA85031735AFD400273AE9 /* hfsinspect */,
			);
			name = Products;
			sourceTree = "<group>";
		};
/* End PBXGroup section */

/* Begin PBXLegacyTarget section */
		9B9F1FFB184AC1CB005D7271 /* hfsinspect_make */ = {
			isa = PBXLegacyTarget;
			buildArgumentsString = "$(ACTION)";
			buildConfigurationList = 9B9F1FFC184AC1CB005D7271 /* Build configuration list for PBXLegacyTarget "hfsinspect_make" */;
			buildPhases = (
			);
			buildToolPath = /usr/bin/make;
			buildWorkingDirectory = "";
			dependencies = (
			);
			name = hfsinspect_make;
			passBuildSettingsInEnvironment = 1;
			productName = hfsinspect_make;
		};
/* End PBXLegacyTarget section */

/* Begin PBXNativeTarget section */
		9BBA85021735AFD400273AE9 /* hfsinspect */ = {
			isa = PBXNativeTarget;
			buildConfigurationList = 9BBA85111735AFD400273AE9 /* Build configuration list for PBXNativeTarget "hfsinspect" */;
			buildPhases = (
				9BBA84FF1735AFD400273AE9 /* Sources */,
				9BBA85001735AFD400273AE9 /* Frameworks */,
				9BBA85011735AFD400273AE9 /* CopyFiles */,
			);
			buildRules = (
			);
			dependencies = (
			);
			name = hfsinspect;
			productName = hfstest;
			productReference = 9BBA85031735AFD400273AE9 /* hfsinspect */;
			productType = "com.apple.product-type.tool";
		};
/* End PBXNativeTarget section */

/* Begin PBXProject section */
		9BBA84FB1735AFD400273AE9 /* Project object */ = {
			isa = PBXProject;
			attributes = {
				LastUpgradeCheck = 0610;
				ORGANIZATIONNAME = "Adam Knight";
			};
			buildConfigurationList = 9BBA84FE1735AFD400273AE9 /* Build configuration list for PBXProject "hfsinspect" */;
			compatibilityVersion = "Xcode 3.2";
			developmentRegion = English;
			hasScannedForEncodings = 0;
			knownRegions = (
				en,
			);
			mainGroup = 9BBA84FA1735AFD400273AE9;
			productRefGroup = 9BBA85041735AFD400273AE9 /* Products */;
			projectDirPath = "";
			projectRoot = "";
			targets = (
				9BBA85021735AFD400273AE9 /* hfsinspect */,
				9B9F1FFB184AC1CB005D7271 /* hfsinspect_make */,
			);
		};
/* End PBXProject section */

/* Begin PBXSourcesBuildPhase section */
		9BBA84FF1735AFD400273AE9 /* Sources */ = {
			isa = PBXSourcesBuildPhase;
			buildActionMask = 2147483647;
			files = (
				9BB422561A7DEFCD000E8995 /* main.c in Sources */,
				9BB422551A7DEFCD000E8995 /* cache.c in Sources */,
				9BB422581A7DEFCD000E8995 /* extract_file.c in Sources */,
				9BB4224B1A7DEFCD000E8995 /* btree.c in Sources */,
				9BB422611A7DEFCD000E8995 /* attributes.c in Sources */,
				9BB4226C1A7DEFCD000E8995 /* mbr.c in Sources */,
				9BB422501A7DEFCD000E8995 /* hfs_btree.c in Sources */,
				9BB4226A1A7DEFCD000E8995 /* crc32.c in Sources */,
				9BB422661A7DEFCD000E8995 /* nullstream.c in Sources */,
				9BB4224D1A7DEFCD000E8995 /* catalog.c in Sources */,
				9BB4225E1A7DEFCD000E8995 /* range.c in Sources */,
				9BB422601A7DEFCD000E8995 /* utilities.c in Sources */,
				9BB4225C1A7DEFCD000E8995 /* path_info.c in Sources */,
				9BB4226D1A7DEFCD000E8995 /* volume.c in Sources */,
				9BB422671A7DEFCD000E8995 /* prefixstream.c in Sources */,
				9BB422531A7DEFCD000E8995 /* hfs_io.c in Sources */,
				9BB4225A1A7DEFCD000E8995 /* hfs_summary.c in Sources */,
				9BB422641A7DEFCD000E8995 /* debug.c in Sources */,
				9BB4225F1A7DEFCD000E8995 /* stringtools.c in Sources */,
				9BB4226B1A7DEFCD000E8995 /* gpt.c in Sources */,
				9BB4227C1A7DEFED000E8995 /* crc32c_tables.c in Sources */,
				9BB4224A1A7DEFCD000E8995 /* hfs_unicode.c in Sources */,
				9BB4225D1A7DEFCD000E8995 /* output.c in Sources */,
				9BB422511A7DEFCD000E8995 /* hfs_endian.c in Sources */,
				9BB4227E1A7DEFED000E8995 /* output.c in Sources */,
				9BB4224F1A7DEFCD000E8995 /* hfs.c in Sources */,
				9BB4227D1A7DEFED000E8995 /* memdmp.c in Sources */,
				9BB4225B1A7DEFCD000E8995 /* operations.c in Sources */,
				9BB422621A7DEFCD000E8995 /* hotfiles.c in Sources */,
				9BB422591A7DEFCD000E8995 /* free_space.c in Sources */,
				9BB422571A7DEFCD000E8995 /* cnid.c in Sources */,
				9BB4224E1A7DEFCD000E8995 /* extents.c in Sources */,
				9BB4226E1A7DEFCD000E8995 /* volumes.c in Sources */,
				9BF00F811A7E950F000E8995 /* unicode.c in Sources */,
				9BB422541A7DEFCD000E8995 /* output_hfs.c in Sources */,
				9BB422631A7DEFCD000E8995 /* journal.c in Sources */,
				9BB422651A7DEFCD000E8995 /* logging.c in Sources */,
				9BB4227B1A7DEFED000E8995 /* crc32c.c in Sources */,
				9BB422691A7DEFCD000E8995 /* corestorage.c in Sources */,
				9BB4224C1A7DEFCD000E8995 /* btree_endian.c in Sources */,
				9BB422681A7DEFCD000E8995 /* apm.c in Sources */,
				9BB422521A7DEFCD000E8995 /* hfs_extentlist.c in Sources */,
			);
			runOnlyForDeploymentPostprocessing = 0;
		};
/* End PBXSourcesBuildPhase section */

/* Begin XCBuildConfiguration section */
		9B9F1FFD184AC1CB005D7271 /* Debug */ = {
			isa = XCBuildConfiguration;
			buildSettings = {
				ALWAYS_SEARCH_USER_PATHS = NO;
				CLANG_CXX_LANGUAGE_STANDARD = "gnu++0x";
				CLANG_CXX_LIBRARY = "libc++";
				CLANG_ENABLE_OBJC_ARC = YES;
				CLANG_WARN_BOOL_CONVERSION = YES;
				CLANG_WARN_CONSTANT_CONVERSION = YES;
				CLANG_WARN_DIRECT_OBJC_ISA_USAGE = YES_ERROR;
				CLANG_WARN_EMPTY_BODY = YES;
				CLANG_WARN_ENUM_CONVERSION = YES;
				CLANG_WARN_INT_CONVERSION = YES;
				CLANG_WARN_OBJC_ROOT_CLASS = YES_ERROR;
				DEBUGGING_SYMBOLS = YES;
				GCC_C_LANGUAGE_STANDARD = gnu99;
				GCC_ENABLE_OBJC_EXCEPTIONS = YES;
				GCC_GENERATE_DEBUGGING_SYMBOLS = YES;
				GCC_OPTIMIZATION_LEVEL = 0;
				GCC_PREPROCESSOR_DEFINITIONS = (
					"DEBUG=1",
					"$(inherited)",
				);
				GCC_WARN_64_TO_32_BIT_CONVERSION = YES;
				GCC_WARN_ABOUT_RETURN_TYPE = YES_ERROR;
				GCC_WARN_UNDECLARED_SELECTOR = YES;
				GCC_WARN_UNINITIALIZED_AUTOS = YES;
				GCC_WARN_UNUSED_FUNCTION = YES;
				GCC_WARN_UNUSED_VARIABLE = YES;
				MACOSX_DEPLOYMENT_TARGET = 10.9;
				OTHER_CFLAGS = "";
				OTHER_LDFLAGS = "";
				PRODUCT_NAME = "$(TARGET_NAME)";
			};
			name = Debug;
		};
		9B9F1FFE184AC1CB005D7271 /* Release */ = {
			isa = XCBuildConfiguration;
			buildSettings = {
				ALWAYS_SEARCH_USER_PATHS = NO;
				CLANG_CXX_LANGUAGE_STANDARD = "gnu++0x";
				CLANG_CXX_LIBRARY = "libc++";
				CLANG_ENABLE_OBJC_ARC = YES;
				CLANG_WARN_BOOL_CONVERSION = YES;
				CLANG_WARN_CONSTANT_CONVERSION = YES;
				CLANG_WARN_DIRECT_OBJC_ISA_USAGE = YES_ERROR;
				CLANG_WARN_EMPTY_BODY = YES;
				CLANG_WARN_ENUM_CONVERSION = YES;
				CLANG_WARN_INT_CONVERSION = YES;
				CLANG_WARN_OBJC_ROOT_CLASS = YES_ERROR;
				COPY_PHASE_STRIP = YES;
				DEBUG_INFORMATION_FORMAT = "dwarf-with-dsym";
				ENABLE_NS_ASSERTIONS = NO;
				GCC_C_LANGUAGE_STANDARD = gnu99;
				GCC_ENABLE_OBJC_EXCEPTIONS = YES;
				GCC_WARN_64_TO_32_BIT_CONVERSION = YES;
				GCC_WARN_ABOUT_RETURN_TYPE = YES_ERROR;
				GCC_WARN_UNDECLARED_SELECTOR = YES;
				GCC_WARN_UNINITIALIZED_AUTOS = YES;
				GCC_WARN_UNUSED_FUNCTION = YES;
				GCC_WARN_UNUSED_VARIABLE = YES;
				MACOSX_DEPLOYMENT_TARGET = 10.9;
				OTHER_CFLAGS = "";
				OTHER_LDFLAGS = "";
				PRODUCT_NAME = "$(TARGET_NAME)";
			};
			name = Release;
		};
		9BBA850F1735AFD400273AE9 /* Debug */ = {
			isa = XCBuildConfiguration;
			buildSettings = {
				CLANG_ANALYZER_SECURITY_FLOATLOOPCOUNTER = YES;
				CLANG_ANALYZER_SECURITY_INSECUREAPI_RAND = YES;
				CLANG_ANALYZER_SECURITY_INSECUREAPI_STRCPY = YES;
				CLANG_LINK_OBJC_RUNTIME = NO;
				CLANG_STATIC_ANALYZER_MODE = deep;
				CLANG_X86_VECTOR_INSTRUCTIONS = sse4.2;
				COPY_PHASE_STRIP = NO;
				GCC_C_LANGUAGE_STANDARD = gnu11;
				GCC_OPTIMIZATION_LEVEL = 3;
				GCC_WARN_PEDANTIC = YES;
				MACOSX_DEPLOYMENT_TARGET = 10.4;
				ONLY_ACTIVE_ARCH = YES;
				RUN_CLANG_STATIC_ANALYZER = YES;
				SDKROOT = macosx;
				WARNING_CFLAGS = "-Wall";
			};
			name = Debug;
		};
		9BBA85101735AFD400273AE9 /* Release */ = {
			isa = XCBuildConfiguration;
			buildSettings = {
				CLANG_ANALYZER_SECURITY_FLOATLOOPCOUNTER = YES;
				CLANG_ANALYZER_SECURITY_INSECUREAPI_RAND = YES;
				CLANG_ANALYZER_SECURITY_INSECUREAPI_STRCPY = YES;
				CLANG_LINK_OBJC_RUNTIME = NO;
				CLANG_STATIC_ANALYZER_MODE = deep;
				CLANG_X86_VECTOR_INSTRUCTIONS = sse4.2;
				COPY_PHASE_STRIP = NO;
				GCC_C_LANGUAGE_STANDARD = gnu11;
				GCC_OPTIMIZATION_LEVEL = 3;
				GCC_WARN_PEDANTIC = YES;
				MACOSX_DEPLOYMENT_TARGET = 10.4;
				RUN_CLANG_STATIC_ANALYZER = YES;
				SDKROOT = macosx;
				WARNING_CFLAGS = "-Wall";
			};
			name = Release;
		};
		9BBA85121735AFD400273AE9 /* Debug */ = {
			isa = XCBuildConfiguration;
			buildSettings = {
				ALTERNATE_PERMISSIONS_FILES = (
					hfsinspect.1,
					hfsinspect,
				);
				ALWAYS_SEARCH_USER_PATHS = NO;
				DEBUG_INFORMATION_FORMAT = dwarf;
				DEPLOYMENT_LOCATION = YES;
				DSTROOT = /usr/local;
				GCC_OPTIMIZATION_LEVEL = 0;
				INSTALL_PATH = /bin;
				LIBRARY_SEARCH_PATHS = (
					"$(inherited)",
					"$(SDKROOT)/usr/lib/system",
				);
				PRODUCT_NAME = hfsinspect;
				SKIP_INSTALL = YES;
				STRIP_INSTALLED_PRODUCT = NO;
				USER_HEADER_SEARCH_PATHS = "src src/vendor src/vendor/crc-32c";
			};
			name = Debug;
		};
		9BBA85131735AFD400273AE9 /* Release */ = {
			isa = XCBuildConfiguration;
			buildSettings = {
				ALTERNATE_PERMISSIONS_FILES = (
					hfsinspect.1,
					hfsinspect,
				);
				ALWAYS_SEARCH_USER_PATHS = NO;
				DEBUG_INFORMATION_FORMAT = dwarf;
				DEPLOYMENT_LOCATION = YES;
				DSTROOT = /usr/local;
				GCC_OPTIMIZATION_LEVEL = 0;
				INSTALL_PATH = /bin;
				LIBRARY_SEARCH_PATHS = (
					"$(inherited)",
					"$(SDKROOT)/usr/lib/system",
				);
				PRODUCT_NAME = hfsinspect;
				USER_HEADER_SEARCH_PATHS = "src src/vendor src/vendor/crc-32c";
			};
			name = Release;
		};
/* End XCBuildConfiguration section */

/* Begin XCConfigurationList section */
		9B9F1FFC184AC1CB005D7271 /* Build configuration list for PBXLegacyTarget "hfsinspect_make" */ = {
			isa = XCConfigurationList;
			buildConfigurations = (
				9B9F1FFD184AC1CB005D7271 /* Debug */,
				9B9F1FFE184AC1CB005D7271 /* Release */,
			);
			defaultConfigurationIsVisible = 0;
			defaultConfigurationName = Release;
		};
		9BBA84FE1735AFD400273AE9 /* Build configuration list for PBXProject "hfsinspect" */ = {
			isa = XCConfigurationList;
			buildConfigurations = (
				9BBA850F1735AFD400273AE9 /* Debug */,
				9BBA85101735AFD400273AE9 /* Release */,
			);
			defaultConfigurationIsVisible = 0;
			defaultConfigurationName = Release;
		};
		9BBA85111735AFD400273AE9 /* Build configuration list for PBXNativeTarget "hfsinspect" */ = {
			isa = XCConfigurationList;
			buildConfigurations = (
				9BBA85121735AFD400273AE9 /* Debug */,
				9BBA85131735AFD400273AE9 /* Release */,
			);
			defaultConfigurationIsVisible = 0;
			defaultConfigurationName = Release;
		};
/* End XCConfigurationList section */
	};
	rootObject = 9BBA84FB1735AFD400273AE9 /* Project object */;
}
