// !$*UTF8*$!
{
	archiveVersion = 1;
	classes = {
	};
	objectVersion = 46;
	objects = {

/* Begin PBXBuildFile section */
		9B066F1A17622BCD00D84F55 /* stringtools.c in Sources */ = {isa = PBXBuildFile; fileRef = 9B066F1917622BCD00D84F55 /* stringtools.c */; };
		9B112988176E1D74009BC4D4 /* hfs_attribute_ops.c in Sources */ = {isa = PBXBuildFile; fileRef = 9B112987176E1D74009BC4D4 /* hfs_attribute_ops.c */; };
		9B2EE368174D1BD6008A0C54 /* debug.c in Sources */ = {isa = PBXBuildFile; fileRef = 9B2EE367174D1BD6008A0C54 /* debug.c */; };
		9B52B5B91774E6890084A735 /* format_sniffers.c in Sources */ = {isa = PBXBuildFile; fileRef = 9B52B5B81774E6890084A735 /* format_sniffers.c */; };
		9B63C6C117614F92005E1411 /* hfs_extentlist.c in Sources */ = {isa = PBXBuildFile; fileRef = 9B63C6C017614F92005E1411 /* hfs_extentlist.c */; };
		9B7637F4175785E5000620CE /* logging.c in Sources */ = {isa = PBXBuildFile; fileRef = 9B7637F3175785E5000620CE /* logging.c */; };
		9B7637F7175E3BEF000620CE /* hfs_btree.c in Sources */ = {isa = PBXBuildFile; fileRef = 9B7637F6175E3BEF000620CE /* hfs_btree.c */; };
		9B7637FA175E3C13000620CE /* hfs_io.c in Sources */ = {isa = PBXBuildFile; fileRef = 9B7637F9175E3C13000620CE /* hfs_io.c */; };
		9B7637FD175E3D7D000620CE /* hfs_extent_ops.c in Sources */ = {isa = PBXBuildFile; fileRef = 9B7637FC175E3D7D000620CE /* hfs_extent_ops.c */; };
		9B763800175E3ED4000620CE /* hfs_catalog_ops.c in Sources */ = {isa = PBXBuildFile; fileRef = 9B7637FF175E3ED4000620CE /* hfs_catalog_ops.c */; };
		9BB1A65E17628DD900202643 /* range.c in Sources */ = {isa = PBXBuildFile; fileRef = 9BB1A65D17628DD900202643 /* range.c */; };
		9BB1A68617682DA400202643 /* buffer.c in Sources */ = {isa = PBXBuildFile; fileRef = 9BB1A68417682DA400202643 /* buffer.c */; };
		9BBA85071735AFD400273AE9 /* Foundation.framework in Frameworks */ = {isa = PBXBuildFile; fileRef = 9BBA85061735AFD400273AE9 /* Foundation.framework */; };
		9BBA850A1735AFD400273AE9 /* main.c in Sources */ = {isa = PBXBuildFile; fileRef = 9BBA85091735AFD400273AE9 /* main.c */; };
		9BBA850E1735AFD400273AE9 /* hfsinspect.1 in CopyFiles */ = {isa = PBXBuildFile; fileRef = 9BBA850D1735AFD400273AE9 /* hfsinspect.1 */; };
		9BCD797017457F2000CB9BC4 /* hfs_unicode.c in Sources */ = {isa = PBXBuildFile; fileRef = 9BCD796F17457F2000CB9BC4 /* hfs_unicode.c */; };
		9BDF325E1736D27500F60671 /* hfs_pstruct.c in Sources */ = {isa = PBXBuildFile; fileRef = 9BDF325D1736D27500F60671 /* hfs_pstruct.c */; };
		9BDF32621736D30E00F60671 /* hfs_endian.c in Sources */ = {isa = PBXBuildFile; fileRef = 9BDF32611736D30E00F60671 /* hfs_endian.c */; };
		9BDF32661737307D00F60671 /* hfs.c in Sources */ = {isa = PBXBuildFile; fileRef = 9BDF32651737307D00F60671 /* hfs.c */; };
/* End PBXBuildFile section */

/* Begin PBXCopyFilesBuildPhase section */
		9BBA85011735AFD400273AE9 /* CopyFiles */ = {
			isa = PBXCopyFilesBuildPhase;
			buildActionMask = 2147483647;
			dstPath = /usr/share/man/man1/;
			dstSubfolderSpec = 0;
			files = (
				9BBA850E1735AFD400273AE9 /* hfsinspect.1 in CopyFiles */,
			);
			runOnlyForDeploymentPostprocessing = 1;
		};
/* End PBXCopyFilesBuildPhase section */

/* Begin PBXFileReference section */
		9B066F1817622BC900D84F55 /* stringtools.h */ = {isa = PBXFileReference; lastKnownFileType = sourcecode.c.h; path = stringtools.h; sourceTree = "<group>"; };
		9B066F1917622BCD00D84F55 /* stringtools.c */ = {isa = PBXFileReference; fileEncoding = 4; lastKnownFileType = sourcecode.c.c; path = stringtools.c; sourceTree = "<group>"; };
		9B112986176E1D63009BC4D4 /* hfs_attribute_ops.h */ = {isa = PBXFileReference; lastKnownFileType = sourcecode.c.h; path = hfs_attribute_ops.h; sourceTree = "<group>"; };
		9B112987176E1D74009BC4D4 /* hfs_attribute_ops.c */ = {isa = PBXFileReference; fileEncoding = 4; lastKnownFileType = sourcecode.c.c; path = hfs_attribute_ops.c; sourceTree = "<group>"; };
		9B2EE367174D1BD6008A0C54 /* debug.c */ = {isa = PBXFileReference; fileEncoding = 4; lastKnownFileType = sourcecode.c.c; path = debug.c; sourceTree = "<group>"; };
		9B2EE369174D1BDB008A0C54 /* debug.h */ = {isa = PBXFileReference; lastKnownFileType = sourcecode.c.h; path = debug.h; sourceTree = "<group>"; };
		9B52B5B81774E6890084A735 /* format_sniffers.c */ = {isa = PBXFileReference; fileEncoding = 4; lastKnownFileType = sourcecode.c.c; path = format_sniffers.c; sourceTree = "<group>"; };
		9B52B5BA1774E68E0084A735 /* format_sniffers.h */ = {isa = PBXFileReference; lastKnownFileType = sourcecode.c.h; path = format_sniffers.h; sourceTree = "<group>"; };
		9B63C6BF17614F89005E1411 /* hfs_extentlist.h */ = {isa = PBXFileReference; lastKnownFileType = sourcecode.c.h; path = hfs_extentlist.h; sourceTree = "<group>"; };
		9B63C6C017614F92005E1411 /* hfs_extentlist.c */ = {isa = PBXFileReference; fileEncoding = 4; lastKnownFileType = sourcecode.c.c; path = hfs_extentlist.c; sourceTree = "<group>"; };
		9B7637F2175785E0000620CE /* logging.h */ = {isa = PBXFileReference; lastKnownFileType = sourcecode.c.h; path = logging.h; sourceTree = "<group>"; };
		9B7637F3175785E5000620CE /* logging.c */ = {isa = PBXFileReference; fileEncoding = 4; lastKnownFileType = sourcecode.c.c; path = logging.c; sourceTree = "<group>"; };
		9B7637F5175E3BEA000620CE /* hfs_btree.h */ = {isa = PBXFileReference; lastKnownFileType = sourcecode.c.h; path = hfs_btree.h; sourceTree = "<group>"; };
		9B7637F6175E3BEF000620CE /* hfs_btree.c */ = {isa = PBXFileReference; fileEncoding = 4; lastKnownFileType = sourcecode.c.c; path = hfs_btree.c; sourceTree = "<group>"; };
		9B7637F8175E3C0E000620CE /* hfs_io.h */ = {isa = PBXFileReference; lastKnownFileType = sourcecode.c.h; path = hfs_io.h; sourceTree = "<group>"; };
		9B7637F9175E3C13000620CE /* hfs_io.c */ = {isa = PBXFileReference; fileEncoding = 4; lastKnownFileType = sourcecode.c.c; lineEnding = 0; path = hfs_io.c; sourceTree = "<group>"; xcLanguageSpecificationIdentifier = xcode.lang.c; };
		9B7637FB175E3D78000620CE /* hfs_extent_ops.h */ = {isa = PBXFileReference; lastKnownFileType = sourcecode.c.h; path = hfs_extent_ops.h; sourceTree = "<group>"; };
		9B7637FC175E3D7D000620CE /* hfs_extent_ops.c */ = {isa = PBXFileReference; fileEncoding = 4; lastKnownFileType = sourcecode.c.c; path = hfs_extent_ops.c; sourceTree = "<group>"; };
		9B7637FE175E3ECE000620CE /* hfs_catalog_ops.h */ = {isa = PBXFileReference; lastKnownFileType = sourcecode.c.h; path = hfs_catalog_ops.h; sourceTree = "<group>"; };
		9B7637FF175E3ED4000620CE /* hfs_catalog_ops.c */ = {isa = PBXFileReference; fileEncoding = 4; lastKnownFileType = sourcecode.c.c; path = hfs_catalog_ops.c; sourceTree = "<group>"; };
		9B9686501737774B00F31063 /* hfs_structs.h */ = {isa = PBXFileReference; lastKnownFileType = sourcecode.c.h; lineEnding = 0; path = hfs_structs.h; sourceTree = "<group>"; xcLanguageSpecificationIdentifier = xcode.lang.objcpp; };
		9BB1A65B17625DC800202643 /* vfs_journal.h */ = {isa = PBXFileReference; lastKnownFileType = sourcecode.c.h; path = vfs_journal.h; sourceTree = "<group>"; };
		9BB1A65C17628DD500202643 /* range.h */ = {isa = PBXFileReference; lastKnownFileType = sourcecode.c.h; path = range.h; sourceTree = "<group>"; };
		9BB1A65D17628DD900202643 /* range.c */ = {isa = PBXFileReference; fileEncoding = 4; lastKnownFileType = sourcecode.c.c; path = range.c; sourceTree = "<group>"; };
		9BB1A68417682DA400202643 /* buffer.c */ = {isa = PBXFileReference; fileEncoding = 4; lastKnownFileType = sourcecode.c.c; name = buffer.c; path = hfsinspect/buffer.c; sourceTree = "<group>"; };
		9BB1A68517682DA400202643 /* buffer.h */ = {isa = PBXFileReference; fileEncoding = 4; lastKnownFileType = sourcecode.c.h; name = buffer.h; path = hfsinspect/buffer.h; sourceTree = "<group>"; };
		9BBA85031735AFD400273AE9 /* hfsinspect */ = {isa = PBXFileReference; explicitFileType = "compiled.mach-o.executable"; includeInIndex = 0; path = hfsinspect; sourceTree = BUILT_PRODUCTS_DIR; };
		9BBA85061735AFD400273AE9 /* Foundation.framework */ = {isa = PBXFileReference; lastKnownFileType = wrapper.framework; name = Foundation.framework; path = System/Library/Frameworks/Foundation.framework; sourceTree = SDKROOT; };
		9BBA85091735AFD400273AE9 /* main.c */ = {isa = PBXFileReference; lastKnownFileType = sourcecode.c.c; lineEnding = 0; path = main.c; sourceTree = "<group>"; xcLanguageSpecificationIdentifier = xcode.lang.objc; };
		9BBA850C1735AFD400273AE9 /* hfsinspect-Prefix.pch */ = {isa = PBXFileReference; lastKnownFileType = sourcecode.c.h; lineEnding = 0; path = "hfsinspect-Prefix.pch"; sourceTree = "<group>"; xcLanguageSpecificationIdentifier = xcode.lang.objc; };
		9BBA850D1735AFD400273AE9 /* hfsinspect.1 */ = {isa = PBXFileReference; lastKnownFileType = text.man; path = hfsinspect.1; sourceTree = "<group>"; };
		9BCD796E17457F1800CB9BC4 /* hfs_unicode.h */ = {isa = PBXFileReference; lastKnownFileType = sourcecode.c.h; path = hfs_unicode.h; sourceTree = "<group>"; };
		9BCD796F17457F2000CB9BC4 /* hfs_unicode.c */ = {isa = PBXFileReference; fileEncoding = 4; lastKnownFileType = sourcecode.c.c; lineEnding = 0; path = hfs_unicode.c; sourceTree = "<group>"; xcLanguageSpecificationIdentifier = xcode.lang.c; };
		9BDF325D1736D27500F60671 /* hfs_pstruct.c */ = {isa = PBXFileReference; fileEncoding = 4; lastKnownFileType = sourcecode.c.c; lineEnding = 0; path = hfs_pstruct.c; sourceTree = "<group>"; xcLanguageSpecificationIdentifier = xcode.lang.c; };
		9BDF325F1736D28300F60671 /* hfs_pstruct.h */ = {isa = PBXFileReference; lastKnownFileType = sourcecode.c.h; path = hfs_pstruct.h; sourceTree = "<group>"; };
		9BDF32601736D30700F60671 /* hfs_endian.h */ = {isa = PBXFileReference; lastKnownFileType = sourcecode.c.h; path = hfs_endian.h; sourceTree = "<group>"; };
		9BDF32611736D30E00F60671 /* hfs_endian.c */ = {isa = PBXFileReference; fileEncoding = 4; lastKnownFileType = sourcecode.c.c; lineEnding = 0; path = hfs_endian.c; sourceTree = "<group>"; xcLanguageSpecificationIdentifier = xcode.lang.c; };
		9BDF32641737307700F60671 /* hfs.h */ = {isa = PBXFileReference; lastKnownFileType = sourcecode.c.h; path = hfs.h; sourceTree = "<group>"; };
		9BDF32651737307D00F60671 /* hfs.c */ = {isa = PBXFileReference; fileEncoding = 4; lastKnownFileType = sourcecode.c.c; lineEnding = 0; path = hfs.c; sourceTree = "<group>"; xcLanguageSpecificationIdentifier = xcode.lang.c; };
		9BDF326817375A2400F60671 /* hfs_macos_defs.h */ = {isa = PBXFileReference; lastKnownFileType = sourcecode.c.h; path = hfs_macos_defs.h; sourceTree = "<group>"; };
/* End PBXFileReference section */

/* Begin PBXFrameworksBuildPhase section */
		9BBA85001735AFD400273AE9 /* Frameworks */ = {
			isa = PBXFrameworksBuildPhase;
			buildActionMask = 2147483647;
			files = (
				9BBA85071735AFD400273AE9 /* Foundation.framework in Frameworks */,
			);
			runOnlyForDeploymentPostprocessing = 0;
		};
/* End PBXFrameworksBuildPhase section */

/* Begin PBXGroup section */
		9BB1A68717682DAC00202643 /* buffer */ = {
			isa = PBXGroup;
			children = (
				9BB1A68517682DA400202643 /* buffer.h */,
				9BB1A68417682DA400202643 /* buffer.c */,
			);
			name = buffer;
			path = ..;
			sourceTree = "<group>";
		};
		9BB1A68817682DBF00202643 /* debug */ = {
			isa = PBXGroup;
			children = (
				9B2EE369174D1BDB008A0C54 /* debug.h */,
				9B2EE367174D1BD6008A0C54 /* debug.c */,
			);
			name = debug;
			sourceTree = "<group>";
		};
		9BB1A68917682DC700202643 /* logging */ = {
			isa = PBXGroup;
			children = (
				9B7637F2175785E0000620CE /* logging.h */,
				9B7637F3175785E5000620CE /* logging.c */,
			);
			name = logging;
			sourceTree = "<group>";
		};
		9BB1A68A17682DCF00202643 /* range */ = {
			isa = PBXGroup;
			children = (
				9BB1A65C17628DD500202643 /* range.h */,
				9BB1A65D17628DD900202643 /* range.c */,
			);
			name = range;
			sourceTree = "<group>";
		};
		9BB1A68B17682DD500202643 /* stringtools */ = {
			isa = PBXGroup;
			children = (
				9B066F1817622BC900D84F55 /* stringtools.h */,
				9B066F1917622BCD00D84F55 /* stringtools.c */,
			);
			name = stringtools;
			sourceTree = "<group>";
		};
		9BBA84FA1735AFD400273AE9 = {
			isa = PBXGroup;
			children = (
				9BBA85081735AFD400273AE9 /* hfsinspect */,
				9BBA85051735AFD400273AE9 /* Frameworks */,
				9BBA85041735AFD400273AE9 /* Products */,
			);
			sourceTree = "<group>";
		};
		9BBA85041735AFD400273AE9 /* Products */ = {
			isa = PBXGroup;
			children = (
				9BBA85031735AFD400273AE9 /* hfsinspect */,
			);
			name = Products;
			sourceTree = "<group>";
		};
		9BBA85051735AFD400273AE9 /* Frameworks */ = {
			isa = PBXGroup;
			children = (
				9BBA85061735AFD400273AE9 /* Foundation.framework */,
			);
			name = Frameworks;
			sourceTree = "<group>";
		};
		9BBA85081735AFD400273AE9 /* hfsinspect */ = {
			isa = PBXGroup;
			children = (
				9BBA85091735AFD400273AE9 /* main.c */,
				9B52B5BA1774E68E0084A735 /* format_sniffers.h */,
				9B52B5B81774E6890084A735 /* format_sniffers.c */,
				9BBA850D1735AFD400273AE9 /* hfsinspect.1 */,
				9BDF32631736D34500F60671 /* hfs */,
				9BDF3267173759B900F60671 /* Apple */,
				9BBA850B1735AFD400273AE9 /* Supporting Files */,
			);
			path = hfsinspect;
			sourceTree = "<group>";
		};
		9BBA850B1735AFD400273AE9 /* Supporting Files */ = {
			isa = PBXGroup;
			children = (
				9BBA850C1735AFD400273AE9 /* hfsinspect-Prefix.pch */,
				9BB1A68717682DAC00202643 /* buffer */,
				9BB1A68817682DBF00202643 /* debug */,
				9BB1A68917682DC700202643 /* logging */,
				9BB1A68A17682DCF00202643 /* range */,
				9BB1A68B17682DD500202643 /* stringtools */,
			);
			name = "Supporting Files";
			sourceTree = "<group>";
		};
		9BDF32631736D34500F60671 /* hfs */ = {
			isa = PBXGroup;
			children = (
				9BDF32641737307700F60671 /* hfs.h */,
				9BDF32651737307D00F60671 /* hfs.c */,
				9B9686501737774B00F31063 /* hfs_structs.h */,
				9B7637F8175E3C0E000620CE /* hfs_io.h */,
				9B7637F9175E3C13000620CE /* hfs_io.c */,
				9B7637F5175E3BEA000620CE /* hfs_btree.h */,
				9B7637F6175E3BEF000620CE /* hfs_btree.c */,
				9B112986176E1D63009BC4D4 /* hfs_attribute_ops.h */,
				9B112987176E1D74009BC4D4 /* hfs_attribute_ops.c */,
				9B7637FE175E3ECE000620CE /* hfs_catalog_ops.h */,
				9B7637FF175E3ED4000620CE /* hfs_catalog_ops.c */,
				9B7637FB175E3D78000620CE /* hfs_extent_ops.h */,
				9B7637FC175E3D7D000620CE /* hfs_extent_ops.c */,
				9B63C6BF17614F89005E1411 /* hfs_extentlist.h */,
				9B63C6C017614F92005E1411 /* hfs_extentlist.c */,
				9BDF32601736D30700F60671 /* hfs_endian.h */,
				9BDF32611736D30E00F60671 /* hfs_endian.c */,
				9BDF325F1736D28300F60671 /* hfs_pstruct.h */,
				9BDF325D1736D27500F60671 /* hfs_pstruct.c */,
			);
			path = hfs;
			sourceTree = "<group>";
		};
		9BDF3267173759B900F60671 /* Apple */ = {
			isa = PBXGroup;
			children = (
				9BB1A65B17625DC800202643 /* vfs_journal.h */,
				9BDF326817375A2400F60671 /* hfs_macos_defs.h */,
				9BCD796E17457F1800CB9BC4 /* hfs_unicode.h */,
				9BCD796F17457F2000CB9BC4 /* hfs_unicode.c */,
			);
			path = Apple;
			sourceTree = "<group>";
		};
/* End PBXGroup section */

/* Begin PBXNativeTarget section */
		9BBA85021735AFD400273AE9 /* hfsinspect */ = {
			isa = PBXNativeTarget;
			buildConfigurationList = 9BBA85111735AFD400273AE9 /* Build configuration list for PBXNativeTarget "hfsinspect" */;
			buildPhases = (
				9BBA84FF1735AFD400273AE9 /* Sources */,
				9BBA85001735AFD400273AE9 /* Frameworks */,
				9BBA85011735AFD400273AE9 /* CopyFiles */,
			);
			buildRules = (
			);
			dependencies = (
			);
			name = hfsinspect;
			productName = hfstest;
			productReference = 9BBA85031735AFD400273AE9 /* hfsinspect */;
			productType = "com.apple.product-type.tool";
		};
/* End PBXNativeTarget section */

/* Begin PBXProject section */
		9BBA84FB1735AFD400273AE9 /* Project object */ = {
			isa = PBXProject;
			attributes = {
				LastUpgradeCheck = 0460;
				ORGANIZATIONNAME = "Adam Knight";
			};
			buildConfigurationList = 9BBA84FE1735AFD400273AE9 /* Build configuration list for PBXProject "hfsinspect" */;
			compatibilityVersion = "Xcode 3.2";
			developmentRegion = English;
			hasScannedForEncodings = 0;
			knownRegions = (
				en,
			);
			mainGroup = 9BBA84FA1735AFD400273AE9;
			productRefGroup = 9BBA85041735AFD400273AE9 /* Products */;
			projectDirPath = "";
			projectRoot = "";
			targets = (
				9BBA85021735AFD400273AE9 /* hfsinspect */,
			);
		};
/* End PBXProject section */

/* Begin PBXSourcesBuildPhase section */
		9BBA84FF1735AFD400273AE9 /* Sources */ = {
			isa = PBXSourcesBuildPhase;
			buildActionMask = 2147483647;
			files = (
				9BBA850A1735AFD400273AE9 /* main.c in Sources */,
				9BDF325E1736D27500F60671 /* hfs_pstruct.c in Sources */,
				9BDF32621736D30E00F60671 /* hfs_endian.c in Sources */,
				9BDF32661737307D00F60671 /* hfs.c in Sources */,
				9BCD797017457F2000CB9BC4 /* hfs_unicode.c in Sources */,
				9B2EE368174D1BD6008A0C54 /* debug.c in Sources */,
				9B7637F4175785E5000620CE /* logging.c in Sources */,
				9B7637F7175E3BEF000620CE /* hfs_btree.c in Sources */,
				9B7637FA175E3C13000620CE /* hfs_io.c in Sources */,
				9B7637FD175E3D7D000620CE /* hfs_extent_ops.c in Sources */,
				9B763800175E3ED4000620CE /* hfs_catalog_ops.c in Sources */,
				9B63C6C117614F92005E1411 /* hfs_extentlist.c in Sources */,
				9B066F1A17622BCD00D84F55 /* stringtools.c in Sources */,
				9BB1A65E17628DD900202643 /* range.c in Sources */,
				9BB1A68617682DA400202643 /* buffer.c in Sources */,
				9B112988176E1D74009BC4D4 /* hfs_attribute_ops.c in Sources */,
				9B52B5B91774E6890084A735 /* format_sniffers.c in Sources */,
			);
			runOnlyForDeploymentPostprocessing = 0;
		};
/* End PBXSourcesBuildPhase section */

/* Begin XCBuildConfiguration section */
		9BBA850F1735AFD400273AE9 /* Debug */ = {
			isa = XCBuildConfiguration;
			buildSettings = {
				ARCHS = "$(ARCHS_STANDARD_64_BIT)";
				CLANG_LINK_OBJC_RUNTIME = NO;
				CLANG_WARN__DUPLICATE_METHOD_MATCH = YES;
				COPY_PHASE_STRIP = NO;
				GCC_C_LANGUAGE_STANDARD = gnu11;
				GCC_DYNAMIC_NO_PIC = NO;
				GCC_OPTIMIZATION_LEVEL = 0;
				GCC_SYMBOLS_PRIVATE_EXTERN = NO;
				GCC_WARN_PEDANTIC = YES;
				LLVM_LTO = NO;
				MACOSX_DEPLOYMENT_TARGET = 10.4;
				ONLY_ACTIVE_ARCH = YES;
				OTHER_CFLAGS = "-Wall";
				SDKROOT = macosx;
				VALID_ARCHS = "i386 x86_64 ppc64 ppc";
			};
			name = Debug;
		};
		9BBA85101735AFD400273AE9 /* Release */ = {
			isa = XCBuildConfiguration;
			buildSettings = {
				ARCHS = "$(ARCHS_STANDARD_64_BIT)";
				CLANG_LINK_OBJC_RUNTIME = NO;
				CLANG_WARN__DUPLICATE_METHOD_MATCH = YES;
				COPY_PHASE_STRIP = NO;
				GCC_C_LANGUAGE_STANDARD = gnu11;
				GCC_WARN_PEDANTIC = YES;
				LLVM_LTO = NO;
				MACOSX_DEPLOYMENT_TARGET = 10.4;
				OTHER_CFLAGS = "-Wall";
				SDKROOT = macosx;
				VALID_ARCHS = "i386 x86_64 ppc64 ppc";
			};
			name = Release;
		};
		9BBA85121735AFD400273AE9 /* Debug */ = {
			isa = XCBuildConfiguration;
			buildSettings = {
				CLANG_ANALYZER_SECURITY_FLOATLOOPCOUNTER = YES;
				CLANG_ANALYZER_SECURITY_INSECUREAPI_RAND = YES;
				CLANG_ANALYZER_SECURITY_INSECUREAPI_STRCPY = YES;
				GCC_PRECOMPILE_PREFIX_HEADER = YES;
				GCC_PREFIX_HEADER = "hfsinspect/hfsinspect-Prefix.pch";
				PRODUCT_NAME = hfsinspect;
				USER_HEADER_SEARCH_PATHS = hfsinspect;
			};
			name = Debug;
		};
		9BBA85131735AFD400273AE9 /* Release */ = {
			isa = XCBuildConfiguration;
			buildSettings = {
				CLANG_ANALYZER_SECURITY_FLOATLOOPCOUNTER = YES;
				CLANG_ANALYZER_SECURITY_INSECUREAPI_RAND = YES;
				CLANG_ANALYZER_SECURITY_INSECUREAPI_STRCPY = YES;
				GCC_PRECOMPILE_PREFIX_HEADER = YES;
				GCC_PREFIX_HEADER = "hfsinspect/hfsinspect-Prefix.pch";
				PRODUCT_NAME = hfsinspect;
				USER_HEADER_SEARCH_PATHS = hfsinspect;
			};
			name = Release;
		};
/* End XCBuildConfiguration section */

/* Begin XCConfigurationList section */
		9BBA84FE1735AFD400273AE9 /* Build configuration list for PBXProject "hfsinspect" */ = {
			isa = XCConfigurationList;
			buildConfigurations = (
				9BBA850F1735AFD400273AE9 /* Debug */,
				9BBA85101735AFD400273AE9 /* Release */,
			);
			defaultConfigurationIsVisible = 0;
			defaultConfigurationName = Release;
		};
		9BBA85111735AFD400273AE9 /* Build configuration list for PBXNativeTarget "hfsinspect" */ = {
			isa = XCConfigurationList;
			buildConfigurations = (
				9BBA85121735AFD400273AE9 /* Debug */,
				9BBA85131735AFD400273AE9 /* Release */,
			);
			defaultConfigurationIsVisible = 0;
			defaultConfigurationName = Release;
		};
/* End XCConfigurationList section */
	};
	rootObject = 9BBA84FB1735AFD400273AE9 /* Project object */;
}
