// !$*UTF8*$!
{
	archiveVersion = 1;
	classes = {
	};
	objectVersion = 46;
	objects = {

/* Begin PBXBuildFile section */
		9B066F1A17622BCD00D84F55 /* stringtools.c in Sources */ = {isa = PBXBuildFile; fileRef = 9B066F1917622BCD00D84F55 /* stringtools.c */; };
		9B112988176E1D74009BC4D4 /* attributes.c in Sources */ = {isa = PBXBuildFile; fileRef = 9B112987176E1D74009BC4D4 /* attributes.c */; };
		9B2EE368174D1BD6008A0C54 /* debug.c in Sources */ = {isa = PBXBuildFile; fileRef = 9B2EE367174D1BD6008A0C54 /* debug.c */; };
		9B4D865018EB4F65002C053D /* path_info.c in Sources */ = {isa = PBXBuildFile; fileRef = 9B4D864F18EB4F65002C053D /* path_info.c */; };
		9B4D865218EB4F6E002C053D /* hfs_summary.c in Sources */ = {isa = PBXBuildFile; fileRef = 9B4D865118EB4F6E002C053D /* hfs_summary.c */; };
		9B4D865818EB4F8D002C053D /* cnid.c in Sources */ = {isa = PBXBuildFile; fileRef = 9B4D865718EB4F8D002C053D /* cnid.c */; };
		9B4D865A18EB4F99002C053D /* extract_file.c in Sources */ = {isa = PBXBuildFile; fileRef = 9B4D865918EB4F99002C053D /* extract_file.c */; };
		9B4D865E18EB4FAB002C053D /* free_space.c in Sources */ = {isa = PBXBuildFile; fileRef = 9B4D865D18EB4FAB002C053D /* free_space.c */; };
		9B4D866118EB5C4E002C053D /* operations.c in Sources */ = {isa = PBXBuildFile; fileRef = 9B4D866018EB5C4E002C053D /* operations.c */; };
		9B51851118E60F2D007A8BAA /* crc32.c in Sources */ = {isa = PBXBuildFile; fileRef = 9B51851018E60F2D007A8BAA /* crc32.c */; };
		9B5DB77F1830736C000179FD /* output.c in Sources */ = {isa = PBXBuildFile; fileRef = 9B5DB77E1830736C000179FD /* output.c */; };
		9B63C6C117614F92005E1411 /* hfs_extentlist.c in Sources */ = {isa = PBXBuildFile; fileRef = 9B63C6C017614F92005E1411 /* hfs_extentlist.c */; };
		9B6BA3F1184E792900CED73F /* hotfiles.c in Sources */ = {isa = PBXBuildFile; fileRef = 9B6BA3F0184E792900CED73F /* hotfiles.c */; };
		9B70C50F1845219600E90B19 /* btree.c in Sources */ = {isa = PBXBuildFile; fileRef = 9B70C50D1845219600E90B19 /* btree.c */; };
		9B70C512184526E400E90B19 /* btree_endian.c in Sources */ = {isa = PBXBuildFile; fileRef = 9B70C511184526E400E90B19 /* btree_endian.c */; };
		9B70C5151845291800E90B19 /* utilities.c in Sources */ = {isa = PBXBuildFile; fileRef = 9B70C5141845291800E90B19 /* utilities.c */; };
		9B7637F4175785E5000620CE /* logging.c in Sources */ = {isa = PBXBuildFile; fileRef = 9B7637F3175785E5000620CE /* logging.c */; };
		9B7637F7175E3BEF000620CE /* hfs_btree.c in Sources */ = {isa = PBXBuildFile; fileRef = 9B7637F6175E3BEF000620CE /* hfs_btree.c */; };
		9B7637FA175E3C13000620CE /* hfs_io.c in Sources */ = {isa = PBXBuildFile; fileRef = 9B7637F9175E3C13000620CE /* hfs_io.c */; };
		9B7637FD175E3D7D000620CE /* extents.c in Sources */ = {isa = PBXBuildFile; fileRef = 9B7637FC175E3D7D000620CE /* extents.c */; };
		9B763800175E3ED4000620CE /* catalog.c in Sources */ = {isa = PBXBuildFile; fileRef = 9B7637FF175E3ED4000620CE /* catalog.c */; };
		9B9589FF18399F650031C89A /* cache.c in Sources */ = {isa = PBXBuildFile; fileRef = 9B9589FE18399F650031C89A /* cache.c */; };
		9BA332B5183C6EC600F55322 /* crc32c_tables.c in Sources */ = {isa = PBXBuildFile; fileRef = 9BA332B1183C6EC600F55322 /* crc32c_tables.c */; };
		9BA332B6183C6EC600F55322 /* crc32c.c in Sources */ = {isa = PBXBuildFile; fileRef = 9BA332B3183C6EC600F55322 /* crc32c.c */; };
		9BB1A65E17628DD900202643 /* range.c in Sources */ = {isa = PBXBuildFile; fileRef = 9BB1A65D17628DD900202643 /* range.c */; };
		9BBA850A1735AFD400273AE9 /* main.c in Sources */ = {isa = PBXBuildFile; fileRef = 9BBA85091735AFD400273AE9 /* main.c */; };
		9BBA850E1735AFD400273AE9 /* hfsinspect.1 in CopyFiles */ = {isa = PBXBuildFile; fileRef = 9BBA850D1735AFD400273AE9 /* hfsinspect.1 */; };
		9BC1D085182BE8D200D9B301 /* mbr.c in Sources */ = {isa = PBXBuildFile; fileRef = 9BC1D084182BE8D200D9B301 /* mbr.c */; };
		9BC1D087182BE8D700D9B301 /* gpt.c in Sources */ = {isa = PBXBuildFile; fileRef = 9BC1D086182BE8D700D9B301 /* gpt.c */; };
		9BC1D089182BE8DC00D9B301 /* apm.c in Sources */ = {isa = PBXBuildFile; fileRef = 9BC1D088182BE8DC00D9B301 /* apm.c */; };
		9BC1D08B182BE8E200D9B301 /* corestorage.c in Sources */ = {isa = PBXBuildFile; fileRef = 9BC1D08A182BE8E200D9B301 /* corestorage.c */; };
		9BC1D08E182BE94400D9B301 /* volumes.c in Sources */ = {isa = PBXBuildFile; fileRef = 9BC1D08D182BE94400D9B301 /* volumes.c */; };
		9BC1D091182BFF6200D9B301 /* volume.c in Sources */ = {isa = PBXBuildFile; fileRef = 9BC1D090182BFF6200D9B301 /* volume.c */; };
		9BC2C0A3184A497400738BB2 /* nullstream.c in Sources */ = {isa = PBXBuildFile; fileRef = 9BC2C0A1184A497400738BB2 /* nullstream.c */; };
		9BC2C0A6184A4A0800738BB2 /* prefixstream.c in Sources */ = {isa = PBXBuildFile; fileRef = 9BC2C0A5184A4A0800738BB2 /* prefixstream.c */; };
		9BCD797017457F2000CB9BC4 /* hfs_unicode.c in Sources */ = {isa = PBXBuildFile; fileRef = 9BCD796F17457F2000CB9BC4 /* hfs_unicode.c */; };
		9BDF325E1736D27500F60671 /* output_hfs.c in Sources */ = {isa = PBXBuildFile; fileRef = 9BDF325D1736D27500F60671 /* output_hfs.c */; };
		9BDF32621736D30E00F60671 /* hfs_endian.c in Sources */ = {isa = PBXBuildFile; fileRef = 9BDF32611736D30E00F60671 /* hfs_endian.c */; };
		9BDF32661737307D00F60671 /* hfs.c in Sources */ = {isa = PBXBuildFile; fileRef = 9BDF32651737307D00F60671 /* hfs.c */; };
/* End PBXBuildFile section */

/* Begin PBXCopyFilesBuildPhase section */
		9BBA85011735AFD400273AE9 /* CopyFiles */ = {
			isa = PBXCopyFilesBuildPhase;
			buildActionMask = 2147483647;
			dstPath = /usr/local/share/man/man1;
			dstSubfolderSpec = 0;
			files = (
				9BBA850E1735AFD400273AE9 /* hfsinspect.1 in CopyFiles */,
			);
			runOnlyForDeploymentPostprocessing = 1;
		};
/* End PBXCopyFilesBuildPhase section */

/* Begin PBXFileReference section */
		9B066F1817622BC900D84F55 /* stringtools.h */ = {isa = PBXFileReference; lastKnownFileType = sourcecode.c.h; path = stringtools.h; sourceTree = "<group>"; };
		9B066F1917622BCD00D84F55 /* stringtools.c */ = {isa = PBXFileReference; fileEncoding = 4; lastKnownFileType = sourcecode.c.c; path = stringtools.c; sourceTree = "<group>"; };
		9B112986176E1D63009BC4D4 /* attributes.h */ = {isa = PBXFileReference; lastKnownFileType = sourcecode.c.h; lineEnding = 0; name = attributes.h; path = hfsplus/attributes.h; sourceTree = "<group>"; xcLanguageSpecificationIdentifier = xcode.lang.objcpp; };
		9B112987176E1D74009BC4D4 /* attributes.c */ = {isa = PBXFileReference; fileEncoding = 4; lastKnownFileType = sourcecode.c.c; lineEnding = 0; name = attributes.c; path = hfsplus/attributes.c; sourceTree = "<group>"; xcLanguageSpecificationIdentifier = xcode.lang.c; };
		9B2EE367174D1BD6008A0C54 /* debug.c */ = {isa = PBXFileReference; fileEncoding = 4; lastKnownFileType = sourcecode.c.c; path = debug.c; sourceTree = "<group>"; };
		9B2EE369174D1BDB008A0C54 /* debug.h */ = {isa = PBXFileReference; lastKnownFileType = sourcecode.c.h; path = debug.h; sourceTree = "<group>"; };
		9B4D864A18EB4F42002C053D /* operations.h */ = {isa = PBXFileReference; lastKnownFileType = sourcecode.c.h; path = operations.h; sourceTree = "<group>"; };
		9B4D864F18EB4F65002C053D /* path_info.c */ = {isa = PBXFileReference; fileEncoding = 4; lastKnownFileType = sourcecode.c.c; path = path_info.c; sourceTree = "<group>"; };
		9B4D865118EB4F6E002C053D /* hfs_summary.c */ = {isa = PBXFileReference; fileEncoding = 4; lastKnownFileType = sourcecode.c.c; path = hfs_summary.c; sourceTree = "<group>"; };
		9B4D865718EB4F8D002C053D /* cnid.c */ = {isa = PBXFileReference; fileEncoding = 4; lastKnownFileType = sourcecode.c.c; path = cnid.c; sourceTree = "<group>"; };
		9B4D865918EB4F99002C053D /* extract_file.c */ = {isa = PBXFileReference; fileEncoding = 4; lastKnownFileType = sourcecode.c.c; path = extract_file.c; sourceTree = "<group>"; };
		9B4D865D18EB4FAB002C053D /* free_space.c */ = {isa = PBXFileReference; fileEncoding = 4; lastKnownFileType = sourcecode.c.c; path = free_space.c; sourceTree = "<group>"; };
		9B4D865F18EB5104002C053D /* types.h */ = {isa = PBXFileReference; lastKnownFileType = sourcecode.c.h; path = types.h; sourceTree = "<group>"; };
		9B4D866018EB5C4E002C053D /* operations.c */ = {isa = PBXFileReference; fileEncoding = 4; lastKnownFileType = sourcecode.c.c; path = operations.c; sourceTree = "<group>"; };
		9B51850F18E60F10007A8BAA /* crc32.h */ = {isa = PBXFileReference; lastKnownFileType = sourcecode.c.h; path = crc32.h; sourceTree = "<group>"; };
		9B51851018E60F2D007A8BAA /* crc32.c */ = {isa = PBXFileReference; fileEncoding = 4; lastKnownFileType = sourcecode.c.c; path = crc32.c; sourceTree = "<group>"; };
		9B5DB77B18305D9B000179FD /* _endian.h */ = {isa = PBXFileReference; lastKnownFileType = sourcecode.c.h; path = _endian.h; sourceTree = "<group>"; };
		9B5DB77E1830736C000179FD /* output.c */ = {isa = PBXFileReference; fileEncoding = 4; lastKnownFileType = sourcecode.c.c; lineEnding = 0; path = output.c; sourceTree = "<group>"; xcLanguageSpecificationIdentifier = xcode.lang.c; };
		9B5DB78018307370000179FD /* output.h */ = {isa = PBXFileReference; lastKnownFileType = sourcecode.c.h; lineEnding = 0; path = output.h; sourceTree = "<group>"; xcLanguageSpecificationIdentifier = xcode.lang.objcpp; };
		9B63C6BF17614F89005E1411 /* hfs_extentlist.h */ = {isa = PBXFileReference; lastKnownFileType = sourcecode.c.h; path = hfs_extentlist.h; sourceTree = "<group>"; };
		9B63C6C017614F92005E1411 /* hfs_extentlist.c */ = {isa = PBXFileReference; fileEncoding = 4; lastKnownFileType = sourcecode.c.c; path = hfs_extentlist.c; sourceTree = "<group>"; };
		9B6BA3EF184E792400CED73F /* hotfiles.h */ = {isa = PBXFileReference; lastKnownFileType = sourcecode.c.h; name = hotfiles.h; path = hfsplus/hotfiles.h; sourceTree = "<group>"; };
		9B6BA3F0184E792900CED73F /* hotfiles.c */ = {isa = PBXFileReference; fileEncoding = 4; lastKnownFileType = sourcecode.c.c; name = hotfiles.c; path = hfsplus/hotfiles.c; sourceTree = "<group>"; };
		9B70C50D1845219600E90B19 /* btree.c */ = {isa = PBXFileReference; fileEncoding = 4; lastKnownFileType = sourcecode.c.c; lineEnding = 0; path = btree.c; sourceTree = "<group>"; xcLanguageSpecificationIdentifier = xcode.lang.c; };
		9B70C50E1845219600E90B19 /* btree.h */ = {isa = PBXFileReference; fileEncoding = 4; lastKnownFileType = sourcecode.c.h; lineEnding = 0; path = btree.h; sourceTree = "<group>"; xcLanguageSpecificationIdentifier = xcode.lang.objcpp; };
		9B70C510184526DE00E90B19 /* btree_endian.h */ = {isa = PBXFileReference; lastKnownFileType = sourcecode.c.h; path = btree_endian.h; sourceTree = "<group>"; };
		9B70C511184526E400E90B19 /* btree_endian.c */ = {isa = PBXFileReference; fileEncoding = 4; lastKnownFileType = sourcecode.c.c; path = btree_endian.c; sourceTree = "<group>"; };
		9B70C5131845291200E90B19 /* utilities.h */ = {isa = PBXFileReference; lastKnownFileType = sourcecode.c.h; path = utilities.h; sourceTree = "<group>"; };
		9B70C5141845291800E90B19 /* utilities.c */ = {isa = PBXFileReference; fileEncoding = 4; lastKnownFileType = sourcecode.c.c; path = utilities.c; sourceTree = "<group>"; };
		9B711846184D62A8008B9DB2 /* Makefile.Darwin */ = {isa = PBXFileReference; lastKnownFileType = text; path = Makefile.Darwin; sourceTree = "<group>"; };
		9B711847184D62A8008B9DB2 /* Makefile.Linux */ = {isa = PBXFileReference; lastKnownFileType = text; path = Makefile.Linux; sourceTree = "<group>"; };
		9B7637F2175785E0000620CE /* logging.h */ = {isa = PBXFileReference; lastKnownFileType = sourcecode.c.h; lineEnding = 0; path = logging.h; sourceTree = "<group>"; xcLanguageSpecificationIdentifier = xcode.lang.objcpp; };
		9B7637F3175785E5000620CE /* logging.c */ = {isa = PBXFileReference; fileEncoding = 4; lastKnownFileType = sourcecode.c.c; lineEnding = 0; path = logging.c; sourceTree = "<group>"; xcLanguageSpecificationIdentifier = xcode.lang.c; };
		9B7637F5175E3BEA000620CE /* hfs_btree.h */ = {isa = PBXFileReference; lastKnownFileType = sourcecode.c.h; lineEnding = 0; path = hfs_btree.h; sourceTree = "<group>"; xcLanguageSpecificationIdentifier = xcode.lang.objcpp; };
		9B7637F6175E3BEF000620CE /* hfs_btree.c */ = {isa = PBXFileReference; fileEncoding = 4; lastKnownFileType = sourcecode.c.c; lineEnding = 0; path = hfs_btree.c; sourceTree = "<group>"; xcLanguageSpecificationIdentifier = xcode.lang.c; };
		9B7637F8175E3C0E000620CE /* hfs_io.h */ = {isa = PBXFileReference; lastKnownFileType = sourcecode.c.h; path = hfs_io.h; sourceTree = "<group>"; };
		9B7637F9175E3C13000620CE /* hfs_io.c */ = {isa = PBXFileReference; fileEncoding = 4; lastKnownFileType = sourcecode.c.c; lineEnding = 0; path = hfs_io.c; sourceTree = "<group>"; xcLanguageSpecificationIdentifier = xcode.lang.c; };
		9B7637FB175E3D78000620CE /* extents.h */ = {isa = PBXFileReference; lastKnownFileType = sourcecode.c.h; lineEnding = 0; path = extents.h; sourceTree = "<group>"; xcLanguageSpecificationIdentifier = xcode.lang.objcpp; };
		9B7637FC175E3D7D000620CE /* extents.c */ = {isa = PBXFileReference; fileEncoding = 4; lastKnownFileType = sourcecode.c.c; lineEnding = 0; path = extents.c; sourceTree = "<group>"; xcLanguageSpecificationIdentifier = xcode.lang.c; };
		9B7637FE175E3ECE000620CE /* catalog.h */ = {isa = PBXFileReference; lastKnownFileType = sourcecode.c.h; lineEnding = 0; path = catalog.h; sourceTree = "<group>"; xcLanguageSpecificationIdentifier = xcode.lang.objcpp; };
		9B7637FF175E3ED4000620CE /* catalog.c */ = {isa = PBXFileReference; fileEncoding = 4; lastKnownFileType = sourcecode.c.c; lineEnding = 0; path = catalog.c; sourceTree = "<group>"; xcLanguageSpecificationIdentifier = xcode.lang.c; };
		9B9589FD18399F650031C89A /* cache.h */ = {isa = PBXFileReference; fileEncoding = 4; lastKnownFileType = sourcecode.c.h; path = cache.h; sourceTree = "<group>"; };
		9B9589FE18399F650031C89A /* cache.c */ = {isa = PBXFileReference; fileEncoding = 4; lastKnownFileType = sourcecode.c.c; path = cache.c; sourceTree = "<group>"; };
		9B9686501737774B00F31063 /* hfs_types.h */ = {isa = PBXFileReference; lastKnownFileType = sourcecode.c.h; lineEnding = 0; path = hfs_types.h; sourceTree = "<group>"; xcLanguageSpecificationIdentifier = xcode.lang.objcpp; };
		9B9F1FFF184ADC4D005D7271 /* hfs_format.h */ = {isa = PBXFileReference; lastKnownFileType = sourcecode.c.h; path = hfs_format.h; sourceTree = "<group>"; };
		9B9F2000184ADCB7005D7271 /* hfs_unistr.h */ = {isa = PBXFileReference; lastKnownFileType = sourcecode.c.h; path = hfs_unistr.h; sourceTree = "<group>"; };
		9B9F2001184B27AC005D7271 /* Makefile */ = {isa = PBXFileReference; lastKnownFileType = sourcecode.make; path = Makefile; sourceTree = SOURCE_ROOT; };
		9BA332B1183C6EC600F55322 /* crc32c_tables.c */ = {isa = PBXFileReference; fileEncoding = 4; lastKnownFileType = sourcecode.c.c; path = crc32c_tables.c; sourceTree = "<group>"; };
		9BA332B2183C6EC600F55322 /* crc32c_tables.h */ = {isa = PBXFileReference; fileEncoding = 4; lastKnownFileType = sourcecode.c.h; path = crc32c_tables.h; sourceTree = "<group>"; };
		9BA332B3183C6EC600F55322 /* crc32c.c */ = {isa = PBXFileReference; fileEncoding = 4; lastKnownFileType = sourcecode.c.c; path = crc32c.c; sourceTree = "<group>"; };
		9BA332B4183C6EC600F55322 /* crc32c.h */ = {isa = PBXFileReference; fileEncoding = 4; lastKnownFileType = sourcecode.c.h; path = crc32c.h; sourceTree = "<group>"; };
		9BAC71EF182D48F80001A1A3 /* doxygen.config */ = {isa = PBXFileReference; lastKnownFileType = text; name = doxygen.config; path = docs/doxygen.config; sourceTree = SOURCE_ROOT; };
		9BAC71F0182D48F80001A1A3 /* NOTES.txt */ = {isa = PBXFileReference; lastKnownFileType = text; lineEnding = 0; name = NOTES.txt; path = notes/NOTES.txt; sourceTree = SOURCE_ROOT; };
		9BAC71F1182D48F80001A1A3 /* README.md */ = {isa = PBXFileReference; lastKnownFileType = text; path = README.md; sourceTree = SOURCE_ROOT; };
		9BB1A65B17625DC800202643 /* vfs_journal.h */ = {isa = PBXFileReference; lastKnownFileType = sourcecode.c.h; lineEnding = 0; path = vfs_journal.h; sourceTree = "<group>"; xcLanguageSpecificationIdentifier = xcode.lang.objcpp; };
		9BB1A65C17628DD500202643 /* range.h */ = {isa = PBXFileReference; lastKnownFileType = sourcecode.c.h; path = range.h; sourceTree = "<group>"; };
		9BB1A65D17628DD900202643 /* range.c */ = {isa = PBXFileReference; fileEncoding = 4; lastKnownFileType = sourcecode.c.c; path = range.c; sourceTree = "<group>"; };
		9BBA85031735AFD400273AE9 /* hfsinspect */ = {isa = PBXFileReference; explicitFileType = "compiled.mach-o.executable"; includeInIndex = 0; path = hfsinspect; sourceTree = BUILT_PRODUCTS_DIR; };
		9BBA85091735AFD400273AE9 /* main.c */ = {isa = PBXFileReference; lastKnownFileType = sourcecode.c.c; lineEnding = 0; path = main.c; sourceTree = "<group>"; xcLanguageSpecificationIdentifier = xcode.lang.objc; };
		9BBA850C1735AFD400273AE9 /* hfsinspect-Prefix.pch */ = {isa = PBXFileReference; lastKnownFileType = sourcecode.c.h; lineEnding = 0; path = "hfsinspect-Prefix.pch"; sourceTree = "<group>"; xcLanguageSpecificationIdentifier = xcode.lang.objc; };
		9BBA850D1735AFD400273AE9 /* hfsinspect.1 */ = {isa = PBXFileReference; lastKnownFileType = text.man; path = hfsinspect.1; sourceTree = "<group>"; };
		9BC1D080182BE8B800D9B301 /* mbr.h */ = {isa = PBXFileReference; lastKnownFileType = sourcecode.c.h; lineEnding = 0; path = mbr.h; sourceTree = "<group>"; xcLanguageSpecificationIdentifier = xcode.lang.objcpp; };
		9BC1D081182BE8BD00D9B301 /* gpt.h */ = {isa = PBXFileReference; lastKnownFileType = sourcecode.c.h; lineEnding = 0; path = gpt.h; sourceTree = "<group>"; xcLanguageSpecificationIdentifier = xcode.lang.objcpp; };
		9BC1D082182BE8C400D9B301 /* apm.h */ = {isa = PBXFileReference; lastKnownFileType = sourcecode.c.h; lineEnding = 0; path = apm.h; sourceTree = "<group>"; xcLanguageSpecificationIdentifier = xcode.lang.objcpp; };
		9BC1D083182BE8C900D9B301 /* corestorage.h */ = {isa = PBXFileReference; lastKnownFileType = sourcecode.c.h; lineEnding = 0; path = corestorage.h; sourceTree = "<group>"; xcLanguageSpecificationIdentifier = xcode.lang.objcpp; };
		9BC1D084182BE8D200D9B301 /* mbr.c */ = {isa = PBXFileReference; fileEncoding = 4; lastKnownFileType = sourcecode.c.c; lineEnding = 0; path = mbr.c; sourceTree = "<group>"; xcLanguageSpecificationIdentifier = xcode.lang.c; };
		9BC1D086182BE8D700D9B301 /* gpt.c */ = {isa = PBXFileReference; fileEncoding = 4; lastKnownFileType = sourcecode.c.c; lineEnding = 0; path = gpt.c; sourceTree = "<group>"; xcLanguageSpecificationIdentifier = xcode.lang.c; };
		9BC1D088182BE8DC00D9B301 /* apm.c */ = {isa = PBXFileReference; fileEncoding = 4; lastKnownFileType = sourcecode.c.c; lineEnding = 0; path = apm.c; sourceTree = "<group>"; xcLanguageSpecificationIdentifier = xcode.lang.c; };
		9BC1D08A182BE8E200D9B301 /* corestorage.c */ = {isa = PBXFileReference; fileEncoding = 4; lastKnownFileType = sourcecode.c.c; lineEnding = 0; path = corestorage.c; sourceTree = "<group>"; xcLanguageSpecificationIdentifier = xcode.lang.c; };
		9BC1D08C182BE93F00D9B301 /* volumes.h */ = {isa = PBXFileReference; lastKnownFileType = sourcecode.c.h; lineEnding = 0; path = volumes.h; sourceTree = "<group>"; xcLanguageSpecificationIdentifier = xcode.lang.objcpp; };
		9BC1D08D182BE94400D9B301 /* volumes.c */ = {isa = PBXFileReference; fileEncoding = 4; lastKnownFileType = sourcecode.c.c; path = volumes.c; sourceTree = "<group>"; };
		9BC1D08F182BFF5E00D9B301 /* volume.h */ = {isa = PBXFileReference; lastKnownFileType = sourcecode.c.h; lineEnding = 0; path = volume.h; sourceTree = "<group>"; xcLanguageSpecificationIdentifier = xcode.lang.objcpp; };
		9BC1D090182BFF6200D9B301 /* volume.c */ = {isa = PBXFileReference; fileEncoding = 4; lastKnownFileType = sourcecode.c.c; path = volume.c; sourceTree = "<group>"; };
		9BC2C0A1184A497400738BB2 /* nullstream.c */ = {isa = PBXFileReference; fileEncoding = 4; lastKnownFileType = sourcecode.c.c; path = nullstream.c; sourceTree = "<group>"; };
		9BC2C0A2184A497400738BB2 /* nullstream.h */ = {isa = PBXFileReference; fileEncoding = 4; lastKnownFileType = sourcecode.c.h; path = nullstream.h; sourceTree = "<group>"; };
		9BC2C0A4184A4A0100738BB2 /* prefixstream.h */ = {isa = PBXFileReference; lastKnownFileType = sourcecode.c.h; path = prefixstream.h; sourceTree = "<group>"; };
		9BC2C0A5184A4A0800738BB2 /* prefixstream.c */ = {isa = PBXFileReference; fileEncoding = 4; lastKnownFileType = sourcecode.c.c; path = prefixstream.c; sourceTree = "<group>"; };
		9BCD796E17457F1800CB9BC4 /* hfs_unicode.h */ = {isa = PBXFileReference; lastKnownFileType = sourcecode.c.h; path = hfs_unicode.h; sourceTree = "<group>"; };
		9BCD796F17457F2000CB9BC4 /* hfs_unicode.c */ = {isa = PBXFileReference; fileEncoding = 4; lastKnownFileType = sourcecode.c.c; lineEnding = 0; path = hfs_unicode.c; sourceTree = "<group>"; };
		9BDF325D1736D27500F60671 /* output_hfs.c */ = {isa = PBXFileReference; fileEncoding = 4; lastKnownFileType = sourcecode.c.c; lineEnding = 0; path = output_hfs.c; sourceTree = "<group>"; xcLanguageSpecificationIdentifier = xcode.lang.c; };
		9BDF325F1736D28300F60671 /* output_hfs.h */ = {isa = PBXFileReference; lastKnownFileType = sourcecode.c.h; lineEnding = 0; path = output_hfs.h; sourceTree = "<group>"; xcLanguageSpecificationIdentifier = xcode.lang.objcpp; };
		9BDF32601736D30700F60671 /* hfs_endian.h */ = {isa = PBXFileReference; lastKnownFileType = sourcecode.c.h; lineEnding = 0; path = hfs_endian.h; sourceTree = "<group>"; xcLanguageSpecificationIdentifier = xcode.lang.objcpp; };
		9BDF32611736D30E00F60671 /* hfs_endian.c */ = {isa = PBXFileReference; fileEncoding = 4; lastKnownFileType = sourcecode.c.c; lineEnding = 0; path = hfs_endian.c; sourceTree = "<group>"; xcLanguageSpecificationIdentifier = xcode.lang.c; };
		9BDF32641737307700F60671 /* hfs.h */ = {isa = PBXFileReference; lastKnownFileType = sourcecode.c.h; path = hfs.h; sourceTree = "<group>"; };
		9BDF32651737307D00F60671 /* hfs.c */ = {isa = PBXFileReference; fileEncoding = 4; lastKnownFileType = sourcecode.c.c; lineEnding = 0; path = hfs.c; sourceTree = "<group>"; xcLanguageSpecificationIdentifier = xcode.lang.c; };
		9BDF326817375A2400F60671 /* hfs_macos_defs.h */ = {isa = PBXFileReference; lastKnownFileType = sourcecode.c.h; path = hfs_macos_defs.h; sourceTree = "<group>"; };
/* End PBXFileReference section */

/* Begin PBXFrameworksBuildPhase section */
		9BBA85001735AFD400273AE9 /* Frameworks */ = {
			isa = PBXFrameworksBuildPhase;
			buildActionMask = 2147483647;
			files = (
			);
			runOnlyForDeploymentPostprocessing = 0;
		};
/* End PBXFrameworksBuildPhase section */

/* Begin PBXGroup section */
		9B4D864918EB4F03002C053D /* operations */ = {
			isa = PBXGroup;
			children = (
				9B4D864A18EB4F42002C053D /* operations.h */,
				9B4D866018EB5C4E002C053D /* operations.c */,
				9B4D865718EB4F8D002C053D /* cnid.c */,
				9B4D865918EB4F99002C053D /* extract_file.c */,
				9B4D865D18EB4FAB002C053D /* free_space.c */,
				9B4D865118EB4F6E002C053D /* hfs_summary.c */,
				9B4D864F18EB4F65002C053D /* path_info.c */,
			);
			path = operations;
			sourceTree = "<group>";
		};
		9B51850E18E60EEE007A8BAA /* crc32 */ = {
			isa = PBXGroup;
			children = (
				9B51850F18E60F10007A8BAA /* crc32.h */,
				9B51851018E60F2D007A8BAA /* crc32.c */,
			);
			path = crc32;
			sourceTree = "<group>";
		};
		9B5DB78718318AC7000179FD /* misc */ = {
			isa = PBXGroup;
			children = (
				9B5DB78018307370000179FD /* output.h */,
				9B5DB77E1830736C000179FD /* output.c */,
				9B9589FD18399F650031C89A /* cache.h */,
				9B9589FE18399F650031C89A /* cache.c */,
				9B5DB77B18305D9B000179FD /* _endian.h */,
				9B70C5131845291200E90B19 /* utilities.h */,
				9B70C5141845291800E90B19 /* utilities.c */,
				9BB1A65C17628DD500202643 /* range.h */,
				9BB1A65D17628DD900202643 /* range.c */,
				9B066F1817622BC900D84F55 /* stringtools.h */,
				9B066F1917622BCD00D84F55 /* stringtools.c */,
			);
			path = misc;
			sourceTree = "<group>";
		};
		9B70C50C1845219600E90B19 /* btree */ = {
			isa = PBXGroup;
			children = (
				9B70C50E1845219600E90B19 /* btree.h */,
				9B70C50D1845219600E90B19 /* btree.c */,
				9B70C510184526DE00E90B19 /* btree_endian.h */,
				9B70C511184526E400E90B19 /* btree_endian.c */,
			);
			path = btree;
			sourceTree = "<group>";
		};
		9B711845184D4166008B9DB2 /* docs */ = {
			isa = PBXGroup;
			children = (
				9BAC71EF182D48F80001A1A3 /* doxygen.config */,
			);
			path = docs;
			sourceTree = "<group>";
		};
		9B9F1FFA184AB7E2005D7271 /* hfsplus */ = {
			isa = PBXGroup;
			children = (
				9B112986176E1D63009BC4D4 /* attributes.h */,
				9B112987176E1D74009BC4D4 /* attributes.c */,
				9B6BA3EF184E792400CED73F /* hotfiles.h */,
				9B6BA3F0184E792900CED73F /* hotfiles.c */,
			);
			name = hfsplus;
			sourceTree = "<group>";
		};
		9BA332AF183C6E7700F55322 /* crc32c */ = {
			isa = PBXGroup;
			children = (
				9BA332B1183C6EC600F55322 /* crc32c_tables.c */,
				9BA332B2183C6EC600F55322 /* crc32c_tables.h */,
				9BA332B3183C6EC600F55322 /* crc32c.c */,
				9BA332B4183C6EC600F55322 /* crc32c.h */,
			);
			path = crc32c;
			sourceTree = "<group>";
		};
		9BB1A68917682DC700202643 /* logging */ = {
			isa = PBXGroup;
			children = (
				9B2EE369174D1BDB008A0C54 /* debug.h */,
				9B2EE367174D1BD6008A0C54 /* debug.c */,
				9B7637F2175785E0000620CE /* logging.h */,
				9B7637F3175785E5000620CE /* logging.c */,
				9BC2C0A2184A497400738BB2 /* nullstream.h */,
				9BC2C0A1184A497400738BB2 /* nullstream.c */,
				9BC2C0A4184A4A0100738BB2 /* prefixstream.h */,
				9BC2C0A5184A4A0800738BB2 /* prefixstream.c */,
			);
			path = logging;
			sourceTree = "<group>";
		};
		9BBA84FA1735AFD400273AE9 = {
			isa = PBXGroup;
			children = (
				9BAC71F1182D48F80001A1A3 /* README.md */,
				9BAC71F0182D48F80001A1A3 /* NOTES.txt */,
				9B9F2001184B27AC005D7271 /* Makefile */,
				9B711846184D62A8008B9DB2 /* Makefile.Darwin */,
				9B711847184D62A8008B9DB2 /* Makefile.Linux */,
				9B711845184D4166008B9DB2 /* docs */,
				9BBA85081735AFD400273AE9 /* src */,
				9BBA85041735AFD400273AE9 /* Products */,
			);
			sourceTree = "<group>";
		};
		9BBA85041735AFD400273AE9 /* Products */ = {
			isa = PBXGroup;
			children = (
				9BBA85031735AFD400273AE9 /* hfsinspect */,
			);
			name = Products;
			sourceTree = "<group>";
		};
		9BBA85081735AFD400273AE9 /* src */ = {
			isa = PBXGroup;
			children = (
				9BBA850D1735AFD400273AE9 /* hfsinspect.1 */,
				9BBA850C1735AFD400273AE9 /* hfsinspect-Prefix.pch */,
				9BBA85091735AFD400273AE9 /* main.c */,
				9B4D865F18EB5104002C053D /* types.h */,
				9B4D864918EB4F03002C053D /* operations */,
				9BC1D07F182BE84900D9B301 /* volumes */,
				9BDF32631736D34500F60671 /* hfs */,
				9B5DB78718318AC7000179FD /* misc */,
				9B51850E18E60EEE007A8BAA /* crc32 */,
				9BA332AF183C6E7700F55322 /* crc32c */,
				9BB1A68917682DC700202643 /* logging */,
			);
			path = src;
			sourceTree = SOURCE_ROOT;
		};
		9BC1D07F182BE84900D9B301 /* volumes */ = {
			isa = PBXGroup;
			children = (
				9BC1D08F182BFF5E00D9B301 /* volume.h */,
				9BC1D090182BFF6200D9B301 /* volume.c */,
				9BC1D08C182BE93F00D9B301 /* volumes.h */,
				9BC1D08D182BE94400D9B301 /* volumes.c */,
				9BC1D080182BE8B800D9B301 /* mbr.h */,
				9BC1D084182BE8D200D9B301 /* mbr.c */,
				9BC1D081182BE8BD00D9B301 /* gpt.h */,
				9BC1D086182BE8D700D9B301 /* gpt.c */,
				9BC1D082182BE8C400D9B301 /* apm.h */,
				9BC1D088182BE8DC00D9B301 /* apm.c */,
				9BC1D083182BE8C900D9B301 /* corestorage.h */,
				9BC1D08A182BE8E200D9B301 /* corestorage.c */,
			);
			path = volumes;
			sourceTree = "<group>";
		};
		9BDF32631736D34500F60671 /* hfs */ = {
			isa = PBXGroup;
			children = (
				9BDF3267173759B900F60671 /* Apple */,
				9B70C50C1845219600E90B19 /* btree */,
				9B9F1FFA184AB7E2005D7271 /* hfsplus */,
				9BDF325F1736D28300F60671 /* output_hfs.h */,
				9BDF325D1736D27500F60671 /* output_hfs.c */,
				9B9686501737774B00F31063 /* hfs_types.h */,
				9BDF32641737307700F60671 /* hfs.h */,
				9BDF32651737307D00F60671 /* hfs.c */,
				9B7637F8175E3C0E000620CE /* hfs_io.h */,
				9B7637F9175E3C13000620CE /* hfs_io.c */,
				9B7637FE175E3ECE000620CE /* catalog.h */,
				9B7637FF175E3ED4000620CE /* catalog.c */,
				9B7637FB175E3D78000620CE /* extents.h */,
				9B7637FC175E3D7D000620CE /* extents.c */,
				9B7637F5175E3BEA000620CE /* hfs_btree.h */,
				9B7637F6175E3BEF000620CE /* hfs_btree.c */,
				9B63C6BF17614F89005E1411 /* hfs_extentlist.h */,
				9B63C6C017614F92005E1411 /* hfs_extentlist.c */,
				9BDF32601736D30700F60671 /* hfs_endian.h */,
				9BDF32611736D30E00F60671 /* hfs_endian.c */,
			);
			path = hfs;
			sourceTree = "<group>";
		};
		9BDF3267173759B900F60671 /* Apple */ = {
			isa = PBXGroup;
			children = (
				9B9F2000184ADCB7005D7271 /* hfs_unistr.h */,
				9B9F1FFF184ADC4D005D7271 /* hfs_format.h */,
				9BB1A65B17625DC800202643 /* vfs_journal.h */,
				9BDF326817375A2400F60671 /* hfs_macos_defs.h */,
				9BCD796E17457F1800CB9BC4 /* hfs_unicode.h */,
				9BCD796F17457F2000CB9BC4 /* hfs_unicode.c */,
			);
			path = Apple;
			sourceTree = "<group>";
		};
/* End PBXGroup section */

/* Begin PBXLegacyTarget section */
		9B9F1FFB184AC1CB005D7271 /* hfsinspect_make */ = {
			isa = PBXLegacyTarget;
			buildArgumentsString = "$(ACTION)";
			buildConfigurationList = 9B9F1FFC184AC1CB005D7271 /* Build configuration list for PBXLegacyTarget "hfsinspect_make" */;
			buildPhases = (
			);
			buildToolPath = /usr/bin/make;
			buildWorkingDirectory = "";
			dependencies = (
			);
			name = hfsinspect_make;
			passBuildSettingsInEnvironment = 1;
			productName = hfsinspect_make;
		};
/* End PBXLegacyTarget section */

/* Begin PBXNativeTarget section */
		9BBA85021735AFD400273AE9 /* hfsinspect */ = {
			isa = PBXNativeTarget;
			buildConfigurationList = 9BBA85111735AFD400273AE9 /* Build configuration list for PBXNativeTarget "hfsinspect" */;
			buildPhases = (
				9BBA84FF1735AFD400273AE9 /* Sources */,
				9BBA85001735AFD400273AE9 /* Frameworks */,
				9BBA85011735AFD400273AE9 /* CopyFiles */,
			);
			buildRules = (
			);
			dependencies = (
			);
			name = hfsinspect;
			productName = hfstest;
			productReference = 9BBA85031735AFD400273AE9 /* hfsinspect */;
			productType = "com.apple.product-type.tool";
		};
/* End PBXNativeTarget section */

/* Begin PBXProject section */
		9BBA84FB1735AFD400273AE9 /* Project object */ = {
			isa = PBXProject;
			attributes = {
				LastUpgradeCheck = 0510;
				ORGANIZATIONNAME = "Adam Knight";
			};
			buildConfigurationList = 9BBA84FE1735AFD400273AE9 /* Build configuration list for PBXProject "hfsinspect" */;
			compatibilityVersion = "Xcode 3.2";
			developmentRegion = English;
			hasScannedForEncodings = 0;
			knownRegions = (
				en,
			);
			mainGroup = 9BBA84FA1735AFD400273AE9;
			productRefGroup = 9BBA85041735AFD400273AE9 /* Products */;
			projectDirPath = "";
			projectRoot = "";
			targets = (
				9BBA85021735AFD400273AE9 /* hfsinspect */,
				9B9F1FFB184AC1CB005D7271 /* hfsinspect_make */,
			);
		};
/* End PBXProject section */

/* Begin PBXSourcesBuildPhase section */
		9BBA84FF1735AFD400273AE9 /* Sources */ = {
			isa = PBXSourcesBuildPhase;
			buildActionMask = 2147483647;
			files = (
				9BC1D091182BFF6200D9B301 /* volume.c in Sources */,
				9BC1D089182BE8DC00D9B301 /* apm.c in Sources */,
				9BBA850A1735AFD400273AE9 /* main.c in Sources */,
				9BDF325E1736D27500F60671 /* output_hfs.c in Sources */,
				9B4D865E18EB4FAB002C053D /* free_space.c in Sources */,
				9BC2C0A3184A497400738BB2 /* nullstream.c in Sources */,
				9B9589FF18399F650031C89A /* cache.c in Sources */,
				9BDF32621736D30E00F60671 /* hfs_endian.c in Sources */,
				9BDF32661737307D00F60671 /* hfs.c in Sources */,
				9BCD797017457F2000CB9BC4 /* hfs_unicode.c in Sources */,
				9B6BA3F1184E792900CED73F /* hotfiles.c in Sources */,
				9B4D865818EB4F8D002C053D /* cnid.c in Sources */,
				9BC2C0A6184A4A0800738BB2 /* prefixstream.c in Sources */,
				9BC1D08E182BE94400D9B301 /* volumes.c in Sources */,
				9B2EE368174D1BD6008A0C54 /* debug.c in Sources */,
				9B4D865A18EB4F99002C053D /* extract_file.c in Sources */,
				9B7637F4175785E5000620CE /* logging.c in Sources */,
				9B7637F7175E3BEF000620CE /* hfs_btree.c in Sources */,
				9B7637FA175E3C13000620CE /* hfs_io.c in Sources */,
				9BA332B5183C6EC600F55322 /* crc32c_tables.c in Sources */,
				9BC1D08B182BE8E200D9B301 /* corestorage.c in Sources */,
				9B70C50F1845219600E90B19 /* btree.c in Sources */,
				9B7637FD175E3D7D000620CE /* extents.c in Sources */,
				9B763800175E3ED4000620CE /* catalog.c in Sources */,
				9B51851118E60F2D007A8BAA /* crc32.c in Sources */,
				9B70C5151845291800E90B19 /* utilities.c in Sources */,
				9B4D866118EB5C4E002C053D /* operations.c in Sources */,
				9B63C6C117614F92005E1411 /* hfs_extentlist.c in Sources */,
				9B066F1A17622BCD00D84F55 /* stringtools.c in Sources */,
				9BB1A65E17628DD900202643 /* range.c in Sources */,
				9B4D865218EB4F6E002C053D /* hfs_summary.c in Sources */,
				9B5DB77F1830736C000179FD /* output.c in Sources */,
				9BC1D085182BE8D200D9B301 /* mbr.c in Sources */,
				9B112988176E1D74009BC4D4 /* attributes.c in Sources */,
				9BC1D087182BE8D700D9B301 /* gpt.c in Sources */,
				9BA332B6183C6EC600F55322 /* crc32c.c in Sources */,
				9B70C512184526E400E90B19 /* btree_endian.c in Sources */,
				9B4D865018EB4F65002C053D /* path_info.c in Sources */,
			);
			runOnlyForDeploymentPostprocessing = 0;
		};
/* End PBXSourcesBuildPhase section */

/* Begin XCBuildConfiguration section */
		9B9F1FFD184AC1CB005D7271 /* Debug */ = {
			isa = XCBuildConfiguration;
			buildSettings = {
				ALWAYS_SEARCH_USER_PATHS = NO;
				CLANG_CXX_LANGUAGE_STANDARD = "gnu++0x";
				CLANG_CXX_LIBRARY = "libc++";
				CLANG_ENABLE_OBJC_ARC = YES;
				CLANG_WARN_BOOL_CONVERSION = YES;
				CLANG_WARN_CONSTANT_CONVERSION = YES;
				CLANG_WARN_DIRECT_OBJC_ISA_USAGE = YES_ERROR;
				CLANG_WARN_EMPTY_BODY = YES;
				CLANG_WARN_ENUM_CONVERSION = YES;
				CLANG_WARN_INT_CONVERSION = YES;
				CLANG_WARN_OBJC_ROOT_CLASS = YES_ERROR;
				DEBUGGING_SYMBOLS = YES;
				GCC_C_LANGUAGE_STANDARD = gnu99;
				GCC_ENABLE_OBJC_EXCEPTIONS = YES;
				GCC_GENERATE_DEBUGGING_SYMBOLS = YES;
				GCC_OPTIMIZATION_LEVEL = 0;
				GCC_PREPROCESSOR_DEFINITIONS = (
					"DEBUG=1",
					"$(inherited)",
				);
				GCC_WARN_64_TO_32_BIT_CONVERSION = YES;
				GCC_WARN_ABOUT_RETURN_TYPE = YES_ERROR;
				GCC_WARN_UNDECLARED_SELECTOR = YES;
				GCC_WARN_UNINITIALIZED_AUTOS = YES;
				GCC_WARN_UNUSED_FUNCTION = YES;
				GCC_WARN_UNUSED_VARIABLE = YES;
				MACOSX_DEPLOYMENT_TARGET = 10.9;
				OTHER_CFLAGS = "";
				OTHER_LDFLAGS = "";
				PRODUCT_NAME = "$(TARGET_NAME)";
			};
			name = Debug;
		};
		9B9F1FFE184AC1CB005D7271 /* Release */ = {
			isa = XCBuildConfiguration;
			buildSettings = {
				ALWAYS_SEARCH_USER_PATHS = NO;
				CLANG_CXX_LANGUAGE_STANDARD = "gnu++0x";
				CLANG_CXX_LIBRARY = "libc++";
				CLANG_ENABLE_OBJC_ARC = YES;
				CLANG_WARN_BOOL_CONVERSION = YES;
				CLANG_WARN_CONSTANT_CONVERSION = YES;
				CLANG_WARN_DIRECT_OBJC_ISA_USAGE = YES_ERROR;
				CLANG_WARN_EMPTY_BODY = YES;
				CLANG_WARN_ENUM_CONVERSION = YES;
				CLANG_WARN_INT_CONVERSION = YES;
				CLANG_WARN_OBJC_ROOT_CLASS = YES_ERROR;
				COPY_PHASE_STRIP = YES;
				DEBUG_INFORMATION_FORMAT = "dwarf-with-dsym";
				ENABLE_NS_ASSERTIONS = NO;
				GCC_C_LANGUAGE_STANDARD = gnu99;
				GCC_ENABLE_OBJC_EXCEPTIONS = YES;
				GCC_WARN_64_TO_32_BIT_CONVERSION = YES;
				GCC_WARN_ABOUT_RETURN_TYPE = YES_ERROR;
				GCC_WARN_UNDECLARED_SELECTOR = YES;
				GCC_WARN_UNINITIALIZED_AUTOS = YES;
				GCC_WARN_UNUSED_FUNCTION = YES;
				GCC_WARN_UNUSED_VARIABLE = YES;
				MACOSX_DEPLOYMENT_TARGET = 10.9;
				OTHER_CFLAGS = "";
				OTHER_LDFLAGS = "";
				PRODUCT_NAME = "$(TARGET_NAME)";
			};
			name = Release;
		};
		9BBA850F1735AFD400273AE9 /* Debug */ = {
			isa = XCBuildConfiguration;
			buildSettings = {
				CLANG_ANALYZER_SECURITY_FLOATLOOPCOUNTER = YES;
				CLANG_ANALYZER_SECURITY_INSECUREAPI_RAND = YES;
				CLANG_ANALYZER_SECURITY_INSECUREAPI_STRCPY = YES;
				CLANG_LINK_OBJC_RUNTIME = NO;
				CLANG_STATIC_ANALYZER_MODE = deep;
				CLANG_X86_VECTOR_INSTRUCTIONS = sse4.2;
				COPY_PHASE_STRIP = NO;
				GCC_C_LANGUAGE_STANDARD = c11;
				GCC_OPTIMIZATION_LEVEL = 3;
				GCC_WARN_PEDANTIC = YES;
				MACOSX_DEPLOYMENT_TARGET = 10.4;
				ONLY_ACTIVE_ARCH = YES;
				RUN_CLANG_STATIC_ANALYZER = YES;
				SDKROOT = macosx;
				VALID_ARCHS = "i386 x86_64 ppc64 ppc";
				WARNING_CFLAGS = "-Wall";
			};
			name = Debug;
		};
		9BBA85101735AFD400273AE9 /* Release */ = {
			isa = XCBuildConfiguration;
			buildSettings = {
				CLANG_ANALYZER_SECURITY_FLOATLOOPCOUNTER = YES;
				CLANG_ANALYZER_SECURITY_INSECUREAPI_RAND = YES;
				CLANG_ANALYZER_SECURITY_INSECUREAPI_STRCPY = YES;
				CLANG_LINK_OBJC_RUNTIME = NO;
				CLANG_STATIC_ANALYZER_MODE = deep;
				CLANG_X86_VECTOR_INSTRUCTIONS = sse4.2;
				COPY_PHASE_STRIP = NO;
				GCC_C_LANGUAGE_STANDARD = c11;
				GCC_OPTIMIZATION_LEVEL = 3;
				GCC_WARN_PEDANTIC = YES;
				MACOSX_DEPLOYMENT_TARGET = 10.4;
				RUN_CLANG_STATIC_ANALYZER = YES;
				SDKROOT = macosx;
				VALID_ARCHS = "i386 x86_64 ppc64 ppc";
				WARNING_CFLAGS = "-Wall";
			};
			name = Release;
		};
		9BBA85121735AFD400273AE9 /* Debug */ = {
			isa = XCBuildConfiguration;
			buildSettings = {
				ALTERNATE_PERMISSIONS_FILES = (
					hfsinspect.1,
					hfsinspect,
				);
				ALWAYS_SEARCH_USER_PATHS = NO;
				DEBUG_INFORMATION_FORMAT = dwarf;
				DEPLOYMENT_LOCATION = YES;
				DSTROOT = /usr/local;
				GCC_C_LANGUAGE_STANDARD = c11;
				GCC_OPTIMIZATION_LEVEL = 0;
				GCC_PRECOMPILE_PREFIX_HEADER = YES;
				GCC_PREFIX_HEADER = "src/hfsinspect-Prefix.pch";
				INSTALL_PATH = /bin;
				LIBRARY_SEARCH_PATHS = (
					"$(inherited)",
					"$(SDKROOT)/usr/lib/system",
				);
				PRODUCT_NAME = hfsinspect;
				SKIP_INSTALL = YES;
				STRIP_INSTALLED_PRODUCT = NO;
				USER_HEADER_SEARCH_PATHS = src;
			};
			name = Debug;
		};
		9BBA85131735AFD400273AE9 /* Release */ = {
			isa = XCBuildConfiguration;
			buildSettings = {
				ALTERNATE_PERMISSIONS_FILES = (
					hfsinspect.1,
					hfsinspect,
				);
				ALWAYS_SEARCH_USER_PATHS = NO;
				DEBUG_INFORMATION_FORMAT = dwarf;
				DEPLOYMENT_LOCATION = YES;
				DSTROOT = /usr/local;
				GCC_C_LANGUAGE_STANDARD = c11;
				GCC_OPTIMIZATION_LEVEL = 0;
				GCC_PRECOMPILE_PREFIX_HEADER = YES;
				GCC_PREFIX_HEADER = "src/hfsinspect-Prefix.pch";
				INSTALL_PATH = /bin;
				LIBRARY_SEARCH_PATHS = (
					"$(inherited)",
					"$(SDKROOT)/usr/lib/system",
				);
				PRODUCT_NAME = hfsinspect;
				USER_HEADER_SEARCH_PATHS = src;
			};
			name = Release;
		};
/* End XCBuildConfiguration section */

/* Begin XCConfigurationList section */
		9B9F1FFC184AC1CB005D7271 /* Build configuration list for PBXLegacyTarget "hfsinspect_make" */ = {
			isa = XCConfigurationList;
			buildConfigurations = (
				9B9F1FFD184AC1CB005D7271 /* Debug */,
				9B9F1FFE184AC1CB005D7271 /* Release */,
			);
			defaultConfigurationIsVisible = 0;
			defaultConfigurationName = Release;
		};
		9BBA84FE1735AFD400273AE9 /* Build configuration list for PBXProject "hfsinspect" */ = {
			isa = XCConfigurationList;
			buildConfigurations = (
				9BBA850F1735AFD400273AE9 /* Debug */,
				9BBA85101735AFD400273AE9 /* Release */,
			);
			defaultConfigurationIsVisible = 0;
			defaultConfigurationName = Release;
		};
		9BBA85111735AFD400273AE9 /* Build configuration list for PBXNativeTarget "hfsinspect" */ = {
			isa = XCConfigurationList;
			buildConfigurations = (
				9BBA85121735AFD400273AE9 /* Debug */,
				9BBA85131735AFD400273AE9 /* Release */,
			);
			defaultConfigurationIsVisible = 0;
			defaultConfigurationName = Release;
		};
/* End XCConfigurationList section */
	};
	rootObject = 9BBA84FB1735AFD400273AE9 /* Project object */;
}
