<?xml version="1.0" encoding="UTF-8"?>
<Scheme
   LastUpgradeVersion = "0500"
   version = "2.0">
   <BuildAction
      parallelizeBuildables = "YES"
      buildImplicitDependencies = "YES">
      <BuildActionEntries>
         <BuildActionEntry
            buildForTesting = "YES"
            buildForRunning = "YES"
            buildForProfiling = "YES"
            buildForArchiving = "YES"
            buildForAnalyzing = "YES">
            <BuildableReference
               BuildableIdentifier = "primary"
               BlueprintIdentifier = "9BBA85021735AFD400273AE9"
               BuildableName = "hfsinspect"
               BlueprintName = "hfsinspect"
               ReferencedContainer = "container:hfsinspect.xcodeproj">
            </BuildableReference>
         </BuildActionEntry>
      </BuildActionEntries>
   </BuildAction>
   <TestAction
      selectedDebuggerIdentifier = "Xcode.DebuggerFoundation.Debugger.LLDB"
      selectedLauncherIdentifier = "Xcode.DebuggerFoundation.Launcher.LLDB"
      shouldUseLaunchSchemeArgsEnv = "YES"
      buildConfiguration = "Debug">
      <Testables>
      </Testables>
      <MacroExpansion>
         <BuildableReference
            BuildableIdentifier = "primary"
            BlueprintIdentifier = "9BBA85021735AFD400273AE9"
            BuildableName = "hfsinspect"
            BlueprintName = "hfsinspect"
            ReferencedContainer = "container:hfsinspect.xcodeproj">
         </BuildableReference>
      </MacroExpansion>
   </TestAction>
   <LaunchAction
      selectedDebuggerIdentifier = "Xcode.DebuggerFoundation.Debugger.LLDB"
      selectedLauncherIdentifier = "Xcode.DebuggerFoundation.Launcher.LLDB"
      debugAsWhichUser = "root"
      launchStyle = "0"
      useCustomWorkingDirectory = "YES"
      customWorkingDirectory = "/Users/ahknight"
      buildConfiguration = "Debug"
      ignoresPersistentStateOnLaunch = "NO"
      debugDocumentVersioning = "NO"
      debugXPCServices = "NO"
      allowLocationSimulation = "NO">
      <BuildableProductRunnable>
         <BuildableReference
            BuildableIdentifier = "primary"
            BlueprintIdentifier = "9BBA85021735AFD400273AE9"
            BuildableName = "hfsinspect"
            BlueprintName = "hfsinspect"
            ReferencedContainer = "container:hfsinspect.xcodeproj">
         </BuildableReference>
      </BuildableProductRunnable>
      <CommandLineArguments>
         <CommandLineArgument
            argument = "-V /Volumes/Mail/"
            isEnabled = "NO">
         </CommandLineArgument>
         <CommandLineArgument
            argument = "-d /dev/disk7s2"
            isEnabled = "YES">
         </CommandLineArgument>
         <CommandLineArgument
            argument = "-d /dev/disk1"
            isEnabled = "YES">
         </CommandLineArgument>
         <CommandLineArgument
            argument = "-D"
            isEnabled = "NO">
         </CommandLineArgument>
         <CommandLineArgument
            argument = "--cnid 175313189"
            isEnabled = "NO">
         </CommandLineArgument>
         <CommandLineArgument
            argument = "-l"
            isEnabled = "NO">
         </CommandLineArgument>
         <CommandLineArgument
            argument = "-s"
            isEnabled = "NO">
         </CommandLineArgument>
         <CommandLineArgument
            argument = "-l -P /"
            isEnabled = "NO">
         </CommandLineArgument>
         <CommandLineArgument
            argument = "-v"
            isEnabled = "NO">
         </CommandLineArgument>
         <CommandLineArgument
            argument = "--cnid 163392090"
            isEnabled = "NO">
         </CommandLineArgument>
         <CommandLineArgument
            argument = "-d /dev/disk0"
            isEnabled = "NO">
         </CommandLineArgument>
         <CommandLineArgument
            argument = " -b catalog"
            isEnabled = "NO">
         </CommandLineArgument>
         <CommandLineArgument
            argument = "-o /Users/ahknight/recovery_catalog"
            isEnabled = "NO">
         </CommandLineArgument>
         <CommandLineArgument
            argument = "-F 2:.journal"
            isEnabled = "NO">
         </CommandLineArgument>
         <CommandLineArgument
            argument = "-P /.journal"
            isEnabled = "NO">
         </CommandLineArgument>
         <CommandLineArgument
            argument = "-n 1"
            isEnabled = "NO">
         </CommandLineArgument>
         <CommandLineArgument
            argument = "-b extents -n 1"
            isEnabled = "YES">
         </CommandLineArgument>
      </CommandLineArguments>
      <EnvironmentVariables>
         <EnvironmentVariable
            key = "DEBUG"
            value = ""
            isEnabled = "YES">
         </EnvironmentVariable>
         <EnvironmentVariable
            key = "NOCOLOR"
            value = ""
            isEnabled = "YES">
         </EnvironmentVariable>
      </EnvironmentVariables>
      <AdditionalOptions>
         <AdditionalOption
            key = "MallocScribble"
            value = ""
            isEnabled = "YES">
         </AdditionalOption>
         <AdditionalOption
            key = "DYLD_INSERT_LIBRARIES"
            value = "/usr/lib/libgmalloc.dylib"
            isEnabled = "YES">
         </AdditionalOption>
         <AdditionalOption
            key = "MallocGuardEdges"
            value = ""
            isEnabled = "YES">
         </AdditionalOption>
      </AdditionalOptions>
   </LaunchAction>
   <ProfileAction
      shouldUseLaunchSchemeArgsEnv = "YES"
      savedToolIdentifier = "/Applications/Xcode.app/Contents/Applications/Instruments.app/Contents/Resources/templates/Leaks.tracetemplate"
      useCustomWorkingDirectory = "NO"
      buildConfiguration = "Debug"
      debugDocumentVersioning = "YES">
      <BuildableProductRunnable>
         <BuildableReference
            BuildableIdentifier = "primary"
            BlueprintIdentifier = "9BBA85021735AFD400273AE9"
            BuildableName = "hfsinspect"
            BlueprintName = "hfsinspect"
            ReferencedContainer = "container:hfsinspect.xcodeproj">
         </BuildableReference>
      </BuildableProductRunnable>
   </ProfileAction>
   <AnalyzeAction
      buildConfiguration = "Debug">
   </AnalyzeAction>
   <ArchiveAction
      buildConfiguration = "Release"
      revealArchiveInOrganizer = "YES">
   </ArchiveAction>
</Scheme>
