<?xml version="1.0" encoding="UTF-8"?>
<Scheme
   LastUpgradeVersion = "0510"
   version = "2.0">
   <BuildAction
      parallelizeBuildables = "YES"
      buildImplicitDependencies = "YES">
      <BuildActionEntries>
         <BuildActionEntry
            buildForTesting = "YES"
            buildForRunning = "YES"
            buildForProfiling = "YES"
            buildForArchiving = "YES"
            buildForAnalyzing = "YES">
            <BuildableReference
               BuildableIdentifier = "primary"
               BlueprintIdentifier = "9B9F1FFB184AC1CB005D7271"
               BuildableName = "hfsinspect_make"
               BlueprintName = "hfsinspect_make"
               ReferencedContainer = "container:hfsinspect.xcodeproj">
            </BuildableReference>
         </BuildActionEntry>
      </BuildActionEntries>
   </BuildAction>
   <TestAction
      selectedDebuggerIdentifier = "Xcode.DebuggerFoundation.Debugger.LLDB"
      selectedLauncherIdentifier = "Xcode.DebuggerFoundation.Launcher.LLDB"
      shouldUseLaunchSchemeArgsEnv = "NO"
      buildConfiguration = "Debug">
      <Testables>
      </Testables>
   </TestAction>
   <LaunchAction
      selectedDebuggerIdentifier = "Xcode.DebuggerFoundation.Debugger.LLDB"
      selectedLauncherIdentifier = "Xcode.DebuggerFoundation.Launcher.LLDB"
      launchStyle = "0"
      useCustomWorkingDirectory = "YES"
      customWorkingDirectory = "/Users/ahknight/code/hfsinspect"
      buildConfiguration = "Debug"
      ignoresPersistentStateOnLaunch = "NO"
      debugDocumentVersioning = "NO"
      debugXPCServices = "NO"
      allowLocationSimulation = "NO">
      <PathRunnable
         FilePath = "/Users/ahknight/code/hfsinspect/build/Darwin-x86_64/hfsinspect">
      </PathRunnable>
      <MacroExpansion>
         <BuildableReference
            BuildableIdentifier = "primary"
            BlueprintIdentifier = "9B9F1FFB184AC1CB005D7271"
            BuildableName = "hfsinspect_make"
            BlueprintName = "hfsinspect_make"
            ReferencedContainer = "container:hfsinspect.xcodeproj">
         </BuildableReference>
      </MacroExpansion>
      <CommandLineArguments>
         <CommandLineArgument
            argument = "-d images/test.img"
            isEnabled = "YES">
         </CommandLineArgument>
         <CommandLineArgument
            argument = "-r"
            isEnabled = "YES">
         </CommandLineArgument>
      </CommandLineArguments>
      <EnvironmentVariables>
         <EnvironmentVariable
            key = "DEBUG"
            value = ""
            isEnabled = "YES">
         </EnvironmentVariable>
         <EnvironmentVariable
            key = "NOCOLOR"
            value = ""
            isEnabled = "YES">
         </EnvironmentVariable>
      </EnvironmentVariables>
      <AdditionalOptions>
         <AdditionalOption
            key = "DYLD_INSERT_LIBRARIES"
            value = "/usr/lib/libgmalloc.dylib"
            isEnabled = "YES">
         </AdditionalOption>
      </AdditionalOptions>
   </LaunchAction>
   <ProfileAction
      shouldUseLaunchSchemeArgsEnv = "YES"
      savedToolIdentifier = "/Applications/Xcode.app/Contents/Applications/Instruments.app/Contents/Resources/templates/Allocations.tracetemplate"
      useCustomWorkingDirectory = "NO"
      buildConfiguration = "Release"
      debugDocumentVersioning = "YES">
      <PathRunnable
         FilePath = "/Users/ahknight/code/hfsinspect/hfsinspect">
      </PathRunnable>
   </ProfileAction>
   <AnalyzeAction
      buildConfiguration = "Debug">
   </AnalyzeAction>
   <ArchiveAction
      buildConfiguration = "Release"
      revealArchiveInOrganizer = "YES">
   </ArchiveAction>
</Scheme>
