<?xml version="1.0" encoding="UTF-8"?>
<Scheme
   LastUpgradeVersion = "0500"
   version = "1.3">
   <BuildAction
      parallelizeBuildables = "YES"
      buildImplicitDependencies = "YES">
      <BuildActionEntries>
         <BuildActionEntry
            buildForTesting = "YES"
            buildForRunning = "YES"
            buildForProfiling = "YES"
            buildForArchiving = "YES"
            buildForAnalyzing = "YES">
            <BuildableReference
               BuildableIdentifier = "primary"
               BlueprintIdentifier = "9BBA85021735AFD400273AE9"
               BuildableName = "hfsinspect"
               BlueprintName = "hfsinspect"
               ReferencedContainer = "container:hfsinspect.xcodeproj">
            </BuildableReference>
         </BuildActionEntry>
      </BuildActionEntries>
   </BuildAction>
   <TestAction
      selectedDebuggerIdentifier = "Xcode.DebuggerFoundation.Debugger.LLDB"
      selectedLauncherIdentifier = "Xcode.DebuggerFoundation.Launcher.LLDB"
      shouldUseLaunchSchemeArgsEnv = "YES"
      buildConfiguration = "Debug">
      <Testables>
      </Testables>
      <MacroExpansion>
         <BuildableReference
            BuildableIdentifier = "primary"
            BlueprintIdentifier = "9BBA85021735AFD400273AE9"
            BuildableName = "hfsinspect"
            BlueprintName = "hfsinspect"
            ReferencedContainer = "container:hfsinspect.xcodeproj">
         </BuildableReference>
      </MacroExpansion>
   </TestAction>
   <LaunchAction
      selectedDebuggerIdentifier = "Xcode.DebuggerFoundation.Debugger.LLDB"
      selectedLauncherIdentifier = "Xcode.DebuggerFoundation.Launcher.LLDB"
      debugAsWhichUser = "root"
      launchStyle = "0"
      useCustomWorkingDirectory = "NO"
      buildConfiguration = "Debug"
      ignoresPersistentStateOnLaunch = "NO"
      debugDocumentVersioning = "YES"
      allowLocationSimulation = "YES">
      <BuildableProductRunnable>
         <BuildableReference
            BuildableIdentifier = "primary"
            BlueprintIdentifier = "9BBA85021735AFD400273AE9"
            BuildableName = "hfsinspect"
            BlueprintName = "hfsinspect"
            ReferencedContainer = "container:hfsinspect.xcodeproj">
         </BuildableReference>
      </BuildableProductRunnable>
      <CommandLineArguments>
         <CommandLineArgument
            argument = "-v"
            isEnabled = "NO">
         </CommandLineArgument>
         <CommandLineArgument
            argument = "-d /Users/ahknight/foo"
            isEnabled = "NO">
         </CommandLineArgument>
         <CommandLineArgument
            argument = "-s"
            isEnabled = "NO">
         </CommandLineArgument>
         <CommandLineArgument
            argument = "-d /Users/ahknight/Playground/fs_fun/disktype/file-system-sampler/hfs.image"
            isEnabled = "NO">
         </CommandLineArgument>
         <CommandLineArgument
            argument = "-F 2:.journal"
            isEnabled = "NO">
         </CommandLineArgument>
         <CommandLineArgument
            argument = "-P /.journal"
            isEnabled = "NO">
         </CommandLineArgument>
         <CommandLineArgument
            argument = "-p /System/Library/"
            isEnabled = "NO">
         </CommandLineArgument>
         <CommandLineArgument
            argument = "-d /dev/disk6s2"
            isEnabled = "YES">
         </CommandLineArgument>
         <CommandLineArgument
            argument = "-D"
            isEnabled = "YES">
         </CommandLineArgument>
      </CommandLineArguments>
      <EnvironmentVariables>
         <EnvironmentVariable
            key = "DEBUG"
            value = ""
            isEnabled = "YES">
         </EnvironmentVariable>
         <EnvironmentVariable
            key = "NOCOLOR"
            value = "1"
            isEnabled = "YES">
         </EnvironmentVariable>
         <EnvironmentVariable
            key = "MallocStackLoggingNoCompact"
            value = ""
            isEnabled = "YES">
         </EnvironmentVariable>
         <EnvironmentVariable
            key = "MallocScribble"
            value = ""
            isEnabled = "YES">
         </EnvironmentVariable>
         <EnvironmentVariable
            key = "MallocPreScribble"
            value = ""
            isEnabled = "YES">
         </EnvironmentVariable>
         <EnvironmentVariable
            key = "MallocGuardEdges"
            value = ""
            isEnabled = "YES">
         </EnvironmentVariable>
         <EnvironmentVariable
            key = "MallocCheckHeapStart"
            value = "1000"
            isEnabled = "YES">
         </EnvironmentVariable>
         <EnvironmentVariable
            key = "MallocCheckHeapEach"
            value = "100"
            isEnabled = "YES">
         </EnvironmentVariable>
      </EnvironmentVariables>
      <AdditionalOptions>
         <AdditionalOption
            key = "MallocScribble"
            value = ""
            isEnabled = "YES">
         </AdditionalOption>
         <AdditionalOption
            key = "DYLD_INSERT_LIBRARIES"
            value = "/usr/lib/libgmalloc.dylib"
            isEnabled = "YES">
         </AdditionalOption>
         <AdditionalOption
            key = "OBJC_PRINT_EXCEPTIONS"
            value = "YES"
            isEnabled = "YES">
         </AdditionalOption>
         <AdditionalOption
            key = "MallocGuardEdges"
            value = ""
            isEnabled = "YES">
         </AdditionalOption>
      </AdditionalOptions>
   </LaunchAction>
   <ProfileAction
      shouldUseLaunchSchemeArgsEnv = "YES"
      savedToolIdentifier = ""
      useCustomWorkingDirectory = "NO"
      buildConfiguration = "Release"
      debugDocumentVersioning = "YES">
      <BuildableProductRunnable>
         <BuildableReference
            BuildableIdentifier = "primary"
            BlueprintIdentifier = "9BBA85021735AFD400273AE9"
            BuildableName = "hfsinspect"
            BlueprintName = "hfsinspect"
            ReferencedContainer = "container:hfsinspect.xcodeproj">
         </BuildableReference>
      </BuildableProductRunnable>
   </ProfileAction>
   <AnalyzeAction
      buildConfiguration = "Debug">
   </AnalyzeAction>
   <ArchiveAction
      buildConfiguration = "Release"
      revealArchiveInOrganizer = "YES">
   </ArchiveAction>
</Scheme>
